// !$*UTF8*$!
{
	archiveVersion = 1;
	classes = {
	};
	objectVersion = 50;
	objects = {

/* Begin PBXBuildFile section */
		E71E357F239A40530021E1A2 /* AppDelegate.swift in Sources */ = {isa = PBXBuildFile; fileRef = E71E357E239A40530021E1A2 /* AppDelegate.swift */; };
		E71E3581239A40530021E1A2 /* PakapoViewController.swift in Sources */ = {isa = PBXBuildFile; fileRef = E71E3580239A40530021E1A2 /* PakapoViewController.swift */; };
		E71E3583239A40540021E1A2 /* Assets.xcassets in Resources */ = {isa = PBXBuildFile; fileRef = E71E3582239A40540021E1A2 /* Assets.xcassets */; };
		E71E3586239A40540021E1A2 /* Pakapo.storyboard in Resources */ = {isa = PBXBuildFile; fileRef = E71E3584239A40540021E1A2 /* Pakapo.storyboard */; settings = {ASSET_TAGS = (0, ); }; };
		E71E3595239A42600021E1A2 /* PakapoImageView.swift in Sources */ = {isa = PBXBuildFile; fileRef = E71E3594239A42600021E1A2 /* PakapoImageView.swift */; };
		E71E3597239A428D0021E1A2 /* PakapoImageModel.swift in Sources */ = {isa = PBXBuildFile; fileRef = E71E3596239A428D0021E1A2 /* PakapoImageModel.swift */; };
/* End PBXBuildFile section */

/* Begin PBXFileReference section */
		E71E357B239A40530021E1A2 /* Pakapo.app */ = {isa = PBXFileReference; explicitFileType = wrapper.application; includeInIndex = 0; path = Pakapo.app; sourceTree = BUILT_PRODUCTS_DIR; };
		E71E357E239A40530021E1A2 /* AppDelegate.swift */ = {isa = PBXFileReference; lastKnownFileType = sourcecode.swift; path = AppDelegate.swift; sourceTree = "<group>"; };
		E71E3580239A40530021E1A2 /* PakapoViewController.swift */ = {isa = PBXFileReference; lastKnownFileType = sourcecode.swift; path = PakapoViewController.swift; sourceTree = "<group>"; };
		E71E3582239A40540021E1A2 /* Assets.xcassets */ = {isa = PBXFileReference; lastKnownFileType = folder.assetcatalog; path = Assets.xcassets; sourceTree = "<group>"; };
		E71E3585239A40540021E1A2 /* Base */ = {isa = PBXFileReference; lastKnownFileType = file.storyboard; name = Base; path = Base.lproj/Pakapo.storyboard; sourceTree = "<group>"; };
		E71E3587239A40540021E1A2 /* Info.plist */ = {isa = PBXFileReference; lastKnownFileType = text.plist.xml; path = Info.plist; sourceTree = "<group>"; };
		E71E3588239A40540021E1A2 /* Pakapo.entitlements */ = {isa = PBXFileReference; lastKnownFileType = text.plist.entitlements; path = Pakapo.entitlements; sourceTree = "<group>"; };
		E71E3590239A40D30021E1A2 /* ja */ = {isa = PBXFileReference; lastKnownFileType = text.plist.strings; name = ja; path = ja.lproj/Pakapo.strings; sourceTree = "<group>"; };
		E71E3594239A42600021E1A2 /* PakapoImageView.swift */ = {isa = PBXFileReference; lastKnownFileType = sourcecode.swift; path = PakapoImageView.swift; sourceTree = "<group>"; };
		E71E3596239A428D0021E1A2 /* PakapoImageModel.swift */ = {isa = PBXFileReference; lastKnownFileType = sourcecode.swift; path = PakapoImageModel.swift; sourceTree = "<group>"; };
/* End PBXFileReference section */

/* Begin PBXFrameworksBuildPhase section */
		E71E3578239A40530021E1A2 /* Frameworks */ = {
			isa = PBXFrameworksBuildPhase;
			buildActionMask = 2147483647;
			files = (
			);
			runOnlyForDeploymentPostprocessing = 0;
		};
/* End PBXFrameworksBuildPhase section */

/* Begin PBXGroup section */
		E71E3572239A40530021E1A2 = {
			isa = PBXGroup;
			children = (
				E71E357D239A40530021E1A2 /* Pakapo */,
				E71E357C239A40530021E1A2 /* Products */,
			);
			sourceTree = "<group>";
		};
		E71E357C239A40530021E1A2 /* Products */ = {
			isa = PBXGroup;
			children = (
				E71E357B239A40530021E1A2 /* Pakapo.app */,
			);
			name = Products;
			sourceTree = "<group>";
		};
		E71E357D239A40530021E1A2 /* Pakapo */ = {
			isa = PBXGroup;
			children = (
				E71E358F239A40A20021E1A2 /* Classes */,
				E71E358E239A409A0021E1A2 /* Resources */,
			);
			path = Pakapo;
			sourceTree = "<group>";
		};
		E71E358E239A409A0021E1A2 /* Resources */ = {
			isa = PBXGroup;
			children = (
				E71E3598239A43590021E1A2 /* Storyboard */,
				E71E3582239A40540021E1A2 /* Assets.xcassets */,
				E71E3587239A40540021E1A2 /* Info.plist */,
				E71E3588239A40540021E1A2 /* Pakapo.entitlements */,
			);
			path = Resources;
			sourceTree = "<group>";
		};
		E71E358F239A40A20021E1A2 /* Classes */ = {
			isa = PBXGroup;
			children = (
				E71E357E239A40530021E1A2 /* AppDelegate.swift */,
				E71E3593239A41F80021E1A2 /* Model */,
				E71E3592239A41F00021E1A2 /* View */,
				E71E3591239A41E50021E1A2 /* Controller */,
			);
			path = Classes;
			sourceTree = "<group>";
		};
		E71E3591239A41E50021E1A2 /* Controller */ = {
			isa = PBXGroup;
			children = (
				E71E3580239A40530021E1A2 /* PakapoViewController.swift */,
			);
			path = Controller;
			sourceTree = "<group>";
		};
		E71E3592239A41F00021E1A2 /* View */ = {
			isa = PBXGroup;
			children = (
				E71E3594239A42600021E1A2 /* PakapoImageView.swift */,
			);
			path = View;
			sourceTree = "<group>";
		};
		E71E3593239A41F80021E1A2 /* Model */ = {
			isa = PBXGroup;
			children = (
				E71E3596239A428D0021E1A2 /* PakapoImageModel.swift */,
			);
			path = Model;
			sourceTree = "<group>";
		};
		E71E3598239A43590021E1A2 /* Storyboard */ = {
			isa = PBXGroup;
			children = (
				E71E3584239A40540021E1A2 /* Pakapo.storyboard */,
			);
			path = Storyboard;
			sourceTree = "<group>";
		};
/* End PBXGroup section */

/* Begin PBXNativeTarget section */
		E71E357A239A40530021E1A2 /* Pakapo */ = {
			isa = PBXNativeTarget;
			buildConfigurationList = E71E358B239A40540021E1A2 /* Build configuration list for PBXNativeTarget "Pakapo" */;
			buildPhases = (
				E71E3577239A40530021E1A2 /* Sources */,
				E71E3578239A40530021E1A2 /* Frameworks */,
				E71E3579239A40530021E1A2 /* Resources */,
			);
			buildRules = (
			);
			dependencies = (
			);
			name = Pakapo;
			productName = Pakapo;
			productReference = E71E357B239A40530021E1A2 /* Pakapo.app */;
			productType = "com.apple.product-type.application";
		};
/* End PBXNativeTarget section */

/* Begin PBXProject section */
		E71E3573239A40530021E1A2 /* Project object */ = {
			isa = PBXProject;
			attributes = {
				KnownAssetTags = (
					0,
				);
				LastSwiftUpdateCheck = 1110;
				LastUpgradeCheck = 1110;
				ORGANIZATIONNAME = gokuge;
				TargetAttributes = {
					E71E357A239A40530021E1A2 = {
						CreatedOnToolsVersion = 11.1;
					};
				};
			};
			buildConfigurationList = E71E3576239A40530021E1A2 /* Build configuration list for PBXProject "Pakapo" */;
			compatibilityVersion = "Xcode 9.3";
			developmentRegion = en;
			hasScannedForEncodings = 0;
			knownRegions = (
				en,
				Base,
				ja,
			);
			mainGroup = E71E3572239A40530021E1A2;
			productRefGroup = E71E357C239A40530021E1A2 /* Products */;
			projectDirPath = "";
			projectRoot = "";
			targets = (
				E71E357A239A40530021E1A2 /* Pakapo */,
			);
		};
/* End PBXProject section */

/* Begin PBXResourcesBuildPhase section */
		E71E3579239A40530021E1A2 /* Resources */ = {
			isa = PBXResourcesBuildPhase;
			buildActionMask = 2147483647;
			files = (
				E71E3583239A40540021E1A2 /* Assets.xcassets in Resources */,
				E71E3586239A40540021E1A2 /* Pakapo.storyboard in Resources */,
			);
			runOnlyForDeploymentPostprocessing = 0;
		};
/* End PBXResourcesBuildPhase section */

/* Begin PBXSourcesBuildPhase section */
		E71E3577239A40530021E1A2 /* Sources */ = {
			isa = PBXSourcesBuildPhase;
			buildActionMask = 2147483647;
			files = (
				E71E3581239A40530021E1A2 /* PakapoViewController.swift in Sources */,
				E71E3597239A428D0021E1A2 /* PakapoImageModel.swift in Sources */,
				E71E357F239A40530021E1A2 /* AppDelegate.swift in Sources */,
				E71E3595239A42600021E1A2 /* PakapoImageView.swift in Sources */,
			);
			runOnlyForDeploymentPostprocessing = 0;
		};
/* End PBXSourcesBuildPhase section */

/* Begin PBXVariantGroup section */
		E71E3584239A40540021E1A2 /* Pakapo.storyboard */ = {
			isa = PBXVariantGroup;
			children = (
				E71E3585239A40540021E1A2 /* Base */,
				E71E3590239A40D30021E1A2 /* ja */,
			);
			name = Pakapo.storyboard;
			sourceTree = "<group>";
		};
/* End PBXVariantGroup section */

/* Begin XCBuildConfiguration section */
		E71E3589239A40540021E1A2 /* Debug */ = {
			isa = XCBuildConfiguration;
			buildSettings = {
				ALWAYS_SEARCH_USER_PATHS = NO;
				CLANG_ANALYZER_LOCALIZABILITY_NONLOCALIZED = YES;
				CLANG_ANALYZER_NONNULL = YES;
				CLANG_ANALYZER_NUMBER_OBJECT_CONVERSION = YES_AGGRESSIVE;
				CLANG_CXX_LANGUAGE_STANDARD = "gnu++14";
				CLANG_CXX_LIBRARY = "libc++";
				CLANG_ENABLE_MODULES = YES;
				CLANG_ENABLE_OBJC_ARC = YES;
				CLANG_ENABLE_OBJC_WEAK = YES;
				CLANG_WARN_BLOCK_CAPTURE_AUTORELEASING = YES;
				CLANG_WARN_BOOL_CONVERSION = YES;
				CLANG_WARN_COMMA = YES;
				CLANG_WARN_CONSTANT_CONVERSION = YES;
				CLANG_WARN_DEPRECATED_OBJC_IMPLEMENTATIONS = YES;
				CLANG_WARN_DIRECT_OBJC_ISA_USAGE = YES_ERROR;
				CLANG_WARN_DOCUMENTATION_COMMENTS = YES;
				CLANG_WARN_EMPTY_BODY = YES;
				CLANG_WARN_ENUM_CONVERSION = YES;
				CLANG_WARN_INFINITE_RECURSION = YES;
				CLANG_WARN_INT_CONVERSION = YES;
				CLANG_WARN_NON_LITERAL_NULL_CONVERSION = YES;
				CLANG_WARN_OBJC_IMPLICIT_RETAIN_SELF = YES;
				CLANG_WARN_OBJC_LITERAL_CONVERSION = YES;
				CLANG_WARN_OBJC_ROOT_CLASS = YES_ERROR;
				CLANG_WARN_RANGE_LOOP_ANALYSIS = YES;
				CLANG_WARN_STRICT_PROTOTYPES = YES;
				CLANG_WARN_SUSPICIOUS_MOVE = YES;
				CLANG_WARN_UNGUARDED_AVAILABILITY = YES_AGGRESSIVE;
				CLANG_WARN_UNREACHABLE_CODE = YES;
				CLANG_WARN__DUPLICATE_METHOD_MATCH = YES;
				COPY_PHASE_STRIP = NO;
				DEBUG_INFORMATION_FORMAT = dwarf;
				ENABLE_STRICT_OBJC_MSGSEND = YES;
				ENABLE_TESTABILITY = YES;
				GCC_C_LANGUAGE_STANDARD = gnu11;
				GCC_DYNAMIC_NO_PIC = NO;
				GCC_NO_COMMON_BLOCKS = YES;
				GCC_OPTIMIZATION_LEVEL = 0;
				GCC_PREPROCESSOR_DEFINITIONS = (
					"DEBUG=1",
					"$(inherited)",
				);
				GCC_WARN_64_TO_32_BIT_CONVERSION = YES;
				GCC_WARN_ABOUT_RETURN_TYPE = YES_ERROR;
				GCC_WARN_UNDECLARED_SELECTOR = YES;
				GCC_WARN_UNINITIALIZED_AUTOS = YES_AGGRESSIVE;
				GCC_WARN_UNUSED_FUNCTION = YES;
				GCC_WARN_UNUSED_VARIABLE = YES;
				MACOSX_DEPLOYMENT_TARGET = 10.14;
				MTL_ENABLE_DEBUG_INFO = INCLUDE_SOURCE;
				MTL_FAST_MATH = YES;
				ONLY_ACTIVE_ARCH = YES;
				SDKROOT = macosx;
				SWIFT_ACTIVE_COMPILATION_CONDITIONS = DEBUG;
				SWIFT_OPTIMIZATION_LEVEL = "-Onone";
			};
			name = Debug;
		};
		E71E358A239A40540021E1A2 /* Release */ = {
			isa = XCBuildConfiguration;
			buildSettings = {
				ALWAYS_SEARCH_USER_PATHS = NO;
				CLANG_ANALYZER_LOCALIZABILITY_NONLOCALIZED = YES;
				CLANG_ANALYZER_NONNULL = YES;
				CLANG_ANALYZER_NUMBER_OBJECT_CONVERSION = YES_AGGRESSIVE;
				CLANG_CXX_LANGUAGE_STANDARD = "gnu++14";
				CLANG_CXX_LIBRARY = "libc++";
				CLANG_ENABLE_MODULES = YES;
				CLANG_ENABLE_OBJC_ARC = YES;
				CLANG_ENABLE_OBJC_WEAK = YES;
				CLANG_WARN_BLOCK_CAPTURE_AUTORELEASING = YES;
				CLANG_WARN_BOOL_CONVERSION = YES;
				CLANG_WARN_COMMA = YES;
				CLANG_WARN_CONSTANT_CONVERSION = YES;
				CLANG_WARN_DEPRECATED_OBJC_IMPLEMENTATIONS = YES;
				CLANG_WARN_DIRECT_OBJC_ISA_USAGE = YES_ERROR;
				CLANG_WARN_DOCUMENTATION_COMMENTS = YES;
				CLANG_WARN_EMPTY_BODY = YES;
				CLANG_WARN_ENUM_CONVERSION = YES;
				CLANG_WARN_INFINITE_RECURSION = YES;
				CLANG_WARN_INT_CONVERSION = YES;
				CLANG_WARN_NON_LITERAL_NULL_CONVERSION = YES;
				CLANG_WARN_OBJC_IMPLICIT_RETAIN_SELF = YES;
				CLANG_WARN_OBJC_LITERAL_CONVERSION = YES;
				CLANG_WARN_OBJC_ROOT_CLASS = YES_ERROR;
				CLANG_WARN_RANGE_LOOP_ANALYSIS = YES;
				CLANG_WARN_STRICT_PROTOTYPES = YES;
				CLANG_WARN_SUSPICIOUS_MOVE = YES;
				CLANG_WARN_UNGUARDED_AVAILABILITY = YES_AGGRESSIVE;
				CLANG_WARN_UNREACHABLE_CODE = YES;
				CLANG_WARN__DUPLICATE_METHOD_MATCH = YES;
				COPY_PHASE_STRIP = NO;
				DEBUG_INFORMATION_FORMAT = "dwarf-with-dsym";
				ENABLE_NS_ASSERTIONS = NO;
				ENABLE_STRICT_OBJC_MSGSEND = YES;
				GCC_C_LANGUAGE_STANDARD = gnu11;
				GCC_NO_COMMON_BLOCKS = YES;
				GCC_WARN_64_TO_32_BIT_CONVERSION = YES;
				GCC_WARN_ABOUT_RETURN_TYPE = YES_ERROR;
				GCC_WARN_UNDECLARED_SELECTOR = YES;
				GCC_WARN_UNINITIALIZED_AUTOS = YES_AGGRESSIVE;
				GCC_WARN_UNUSED_FUNCTION = YES;
				GCC_WARN_UNUSED_VARIABLE = YES;
				MACOSX_DEPLOYMENT_TARGET = 10.14;
				MTL_ENABLE_DEBUG_INFO = NO;
				MTL_FAST_MATH = YES;
				SDKROOT = macosx;
				SWIFT_COMPILATION_MODE = wholemodule;
				SWIFT_OPTIMIZATION_LEVEL = "-O";
			};
			name = Release;
		};
		E71E358C239A40540021E1A2 /* Debug */ = {
			isa = XCBuildConfiguration;
			buildSettings = {
				ASSETCATALOG_COMPILER_APPICON_NAME = AppIcon;
				CODE_SIGN_ENTITLEMENTS = Pakapo/Resources/Pakapo.entitlements;
				CODE_SIGN_STYLE = Automatic;
				COMBINE_HIDPI_IMAGES = YES;
				INFOPLIST_FILE = Pakapo/Resources/Info.plist;
				LD_RUNPATH_SEARCH_PATHS = (
					"$(inherited)",
					"@executable_path/../Frameworks",
				);
				PRODUCT_BUNDLE_IDENTIFIER = gokuge.Pakapo;
				PRODUCT_NAME = "$(TARGET_NAME)";
				SWIFT_VERSION = 5.0;
			};
			name = Debug;
		};
		E71E358D239A40540021E1A2 /* Release */ = {
			isa = XCBuildConfiguration;
			buildSettings = {
				ASSETCATALOG_COMPILER_APPICON_NAME = AppIcon;
				CODE_SIGN_ENTITLEMENTS = Pakapo/Resources/Pakapo.entitlements;
				CODE_SIGN_STYLE = Automatic;
				COMBINE_HIDPI_IMAGES = YES;
				INFOPLIST_FILE = Pakapo/Resources/Info.plist;
				LD_RUNPATH_SEARCH_PATHS = (
					"$(inherited)",
					"@executable_path/../Frameworks",
				);
				PRODUCT_BUNDLE_IDENTIFIER = gokuge.Pakapo;
				PRODUCT_NAME = "$(TARGET_NAME)";
				SWIFT_VERSION = 5.0;
			};
			name = Release;
		};
/* End XCBuildConfiguration section */

/* Begin XCConfigurationList section */
		E71E3576239A40530021E1A2 /* Build configuration list for PBXProject "Pakapo" */ = {
			isa = XCConfigurationList;
			buildConfigurations = (
				E71E3589239A40540021E1A2 /* Debug */,
				E71E358A239A40540021E1A2 /* Release */,
			);
			defaultConfigurationIsVisible = 0;
			defaultConfigurationName = Release;
		};
		E71E358B239A40540021E1A2 /* Build configuration list for PBXNativeTarget "Pakapo" */ = {
			isa = XCConfigurationList;
			buildConfigurations = (
				E71E358C239A40540021E1A2 /* Debug */,
				E71E358D239A40540021E1A2 /* Release */,
			);
			defaultConfigurationIsVisible = 0;
			defaultConfigurationName = Release;
		};
/* End XCConfigurationList section */
	};
	rootObject = E71E3573239A40530021E1A2 /* Project object */;
}
