// !$*UTF8*$!
{
	archiveVersion = 1;
	classes = {
	};
	objectVersion = 50;
	objects = {

/* Begin PBXBuildFile section */
		712DEE8123A60A2E007F6750 /* PakapoImageScrollView.swift in Sources */ = {isa = PBXBuildFile; fileRef = 712DEE8023A60A2E007F6750 /* PakapoImageScrollView.swift */; };
		71D593B523A3A01D00025091 /* DraggingView.swift in Sources */ = {isa = PBXBuildFile; fileRef = 71D593B423A3A01D00025091 /* DraggingView.swift */; };
		71D593B823A3C68F00025091 /* URL+ext.swift in Sources */ = {isa = PBXBuildFile; fileRef = 71D593B723A3C68F00025091 /* URL+ext.swift */; };
		E71E357F239A40530021E1A2 /* AppDelegate.swift in Sources */ = {isa = PBXBuildFile; fileRef = E71E357E239A40530021E1A2 /* AppDelegate.swift */; };
		E71E3581239A40530021E1A2 /* PakapoViewController.swift in Sources */ = {isa = PBXBuildFile; fileRef = E71E3580239A40530021E1A2 /* PakapoViewController.swift */; };
		E71E3583239A40540021E1A2 /* Assets.xcassets in Resources */ = {isa = PBXBuildFile; fileRef = E71E3582239A40540021E1A2 /* Assets.xcassets */; };
		E71E3586239A40540021E1A2 /* Pakapo.storyboard in Resources */ = {isa = PBXBuildFile; fileRef = E71E3584239A40540021E1A2 /* Pakapo.storyboard */; settings = {ASSET_TAGS = (1, ); }; };
		E71E3595239A42600021E1A2 /* PakapoImageView.swift in Sources */ = {isa = PBXBuildFile; fileRef = E71E3594239A42600021E1A2 /* PakapoImageView.swift */; };
		E71E3597239A428D0021E1A2 /* PakapoImageModel.swift in Sources */ = {isa = PBXBuildFile; fileRef = E71E3596239A428D0021E1A2 /* PakapoImageModel.swift */; };
		E71F335723A8B1C30037B1CD /* PakapoImageClipView.swift in Sources */ = {isa = PBXBuildFile; fileRef = E71F335623A8B1C30037B1CD /* PakapoImageClipView.swift */; };
		E71F61A523B044660042C190 /* PakapoPreferencesWindow.swift in Sources */ = {isa = PBXBuildFile; fileRef = E71F61A423B044660042C190 /* PakapoPreferencesWindow.swift */; };
		E721BADA23AB2FA90076D4BB /* ZUnzip.swift in Sources */ = {isa = PBXBuildFile; fileRef = E721BA7723AB2FA90076D4BB /* ZUnzip.swift */; };
		E721BADB23AB2FA90076D4BB /* README.md in Resources */ = {isa = PBXBuildFile; fileRef = E721BA7A23AB2FA90076D4BB /* README.md */; };
		E721BADC23AB2FA90076D4BB /* fmemopen.c in Sources */ = {isa = PBXBuildFile; fileRef = E721BA7C23AB2FA90076D4BB /* fmemopen.c */; };
		E721BADD23AB2FA90076D4BB /* zip_memdup.c in Sources */ = {isa = PBXBuildFile; fileRef = E721BA7E23AB2FA90076D4BB /* zip_memdup.c */; };
		E721BADE23AB2FA90076D4BB /* zip_file_get_external_attributes.c in Sources */ = {isa = PBXBuildFile; fileRef = E721BA7F23AB2FA90076D4BB /* zip_file_get_external_attributes.c */; };
		E721BADF23AB2FA90076D4BB /* zip_add.c in Sources */ = {isa = PBXBuildFile; fileRef = E721BA8123AB2FA90076D4BB /* zip_add.c */; };
		E721BAE023AB2FA90076D4BB /* zip_filerange_crc.c in Sources */ = {isa = PBXBuildFile; fileRef = E721BA8223AB2FA90076D4BB /* zip_filerange_crc.c */; };
		E721BAE123AB2FA90076D4BB /* zip_get_name.c in Sources */ = {isa = PBXBuildFile; fileRef = E721BA8323AB2FA90076D4BB /* zip_get_name.c */; };
		E721BAE223AB2FA90076D4BB /* zip_file_strerror.c in Sources */ = {isa = PBXBuildFile; fileRef = E721BA8423AB2FA90076D4BB /* zip_file_strerror.c */; };
		E721BAE323AB2FA90076D4BB /* zip_fopen_index.c in Sources */ = {isa = PBXBuildFile; fileRef = E721BA8523AB2FA90076D4BB /* zip_fopen_index.c */; };
		E721BAE423AB2FA90076D4BB /* zip_source_buffer.c in Sources */ = {isa = PBXBuildFile; fileRef = E721BA8623AB2FA90076D4BB /* zip_source_buffer.c */; };
		E721BAE523AB2FA90076D4BB /* zip_error_clear.c in Sources */ = {isa = PBXBuildFile; fileRef = E721BA8723AB2FA90076D4BB /* zip_error_clear.c */; };
		E721BAE623AB2FA90076D4BB /* zip_source_stat.c in Sources */ = {isa = PBXBuildFile; fileRef = E721BA8823AB2FA90076D4BB /* zip_source_stat.c */; };
		E721BAE723AB2FA90076D4BB /* zip_get_archive_comment.c in Sources */ = {isa = PBXBuildFile; fileRef = E721BA8923AB2FA90076D4BB /* zip_get_archive_comment.c */; };
		E721BAE823AB2FA90076D4BB /* zip_file_rename.c in Sources */ = {isa = PBXBuildFile; fileRef = E721BA8A23AB2FA90076D4BB /* zip_file_rename.c */; };
		E721BAE923AB2FA90076D4BB /* zip_source_pkware.c in Sources */ = {isa = PBXBuildFile; fileRef = E721BA8B23AB2FA90076D4BB /* zip_source_pkware.c */; };
		E721BAEA23AB2FA90076D4BB /* zip_discard.c in Sources */ = {isa = PBXBuildFile; fileRef = E721BA8C23AB2FA90076D4BB /* zip_discard.c */; };
		E721BAEB23AB2FA90076D4BB /* zip_source_file.c in Sources */ = {isa = PBXBuildFile; fileRef = E721BA8D23AB2FA90076D4BB /* zip_source_file.c */; };
		E721BAEC23AB2FA90076D4BB /* zip_string.c in Sources */ = {isa = PBXBuildFile; fileRef = E721BA8E23AB2FA90076D4BB /* zip_string.c */; };
		E721BAED23AB2FA90076D4BB /* zip_set_name.c in Sources */ = {isa = PBXBuildFile; fileRef = E721BA8F23AB2FA90076D4BB /* zip_set_name.c */; };
		E721BAEE23AB2FA90076D4BB /* zip_entry.c in Sources */ = {isa = PBXBuildFile; fileRef = E721BA9023AB2FA90076D4BB /* zip_entry.c */; };
		E721BAEF23AB2FA90076D4BB /* zip_source_open.c in Sources */ = {isa = PBXBuildFile; fileRef = E721BA9123AB2FA90076D4BB /* zip_source_open.c */; };
		E721BAF023AB2FA90076D4BB /* zip_set_file_compression.c in Sources */ = {isa = PBXBuildFile; fileRef = E721BA9223AB2FA90076D4BB /* zip_set_file_compression.c */; };
		E721BAF123AB2FA90076D4BB /* zip_file_error_get.c in Sources */ = {isa = PBXBuildFile; fileRef = E721BA9323AB2FA90076D4BB /* zip_file_error_get.c */; };
		E721BAF223AB2FA90076D4BB /* zip_file_replace.c in Sources */ = {isa = PBXBuildFile; fileRef = E721BA9423AB2FA90076D4BB /* zip_file_replace.c */; };
		E721BAF323AB2FA90076D4BB /* zip_file_get_offset.c in Sources */ = {isa = PBXBuildFile; fileRef = E721BA9523AB2FA90076D4BB /* zip_file_get_offset.c */; };
		E721BAF423AB2FA90076D4BB /* zip_unchange.c in Sources */ = {isa = PBXBuildFile; fileRef = E721BA9623AB2FA90076D4BB /* zip_unchange.c */; };
		E721BAF523AB2FA90076D4BB /* zip_new.c in Sources */ = {isa = PBXBuildFile; fileRef = E721BA9723AB2FA90076D4BB /* zip_new.c */; };
		E721BAF623AB2FA90076D4BB /* zip_file_set_comment.c in Sources */ = {isa = PBXBuildFile; fileRef = E721BA9823AB2FA90076D4BB /* zip_file_set_comment.c */; };
		E721BAF723AB2FA90076D4BB /* zip_close.c in Sources */ = {isa = PBXBuildFile; fileRef = E721BA9A23AB2FA90076D4BB /* zip_close.c */; };
		E721BAF823AB2FA90076D4BB /* zip_add_dir.c in Sources */ = {isa = PBXBuildFile; fileRef = E721BA9B23AB2FA90076D4BB /* zip_add_dir.c */; };
		E721BAF923AB2FA90076D4BB /* zip_error_get_sys_type.c in Sources */ = {isa = PBXBuildFile; fileRef = E721BA9C23AB2FA90076D4BB /* zip_error_get_sys_type.c */; };
		E721BAFA23AB2FA90076D4BB /* zip_fopen_encrypted.c in Sources */ = {isa = PBXBuildFile; fileRef = E721BA9D23AB2FA90076D4BB /* zip_fopen_encrypted.c */; };
		E721BAFB23AB2FA90076D4BB /* zip_set_archive_comment.c in Sources */ = {isa = PBXBuildFile; fileRef = E721BA9E23AB2FA90076D4BB /* zip_set_archive_comment.c */; };
		E721BAFC23AB2FA90076D4BB /* zip_extra_field.c in Sources */ = {isa = PBXBuildFile; fileRef = E721BA9F23AB2FA90076D4BB /* zip_extra_field.c */; };
		E721BAFD23AB2FA90076D4BB /* zip_dir_add.c in Sources */ = {isa = PBXBuildFile; fileRef = E721BAA023AB2FA90076D4BB /* zip_dir_add.c */; };
		E721BAFE23AB2FA90076D4BB /* zip_name_locate.c in Sources */ = {isa = PBXBuildFile; fileRef = E721BAA123AB2FA90076D4BB /* zip_name_locate.c */; };
		E721BAFF23AB2FA90076D4BB /* zip_unchange_archive.c in Sources */ = {isa = PBXBuildFile; fileRef = E721BAA223AB2FA90076D4BB /* zip_unchange_archive.c */; };
		E721BB0023AB2FA90076D4BB /* zip_source_free.c in Sources */ = {isa = PBXBuildFile; fileRef = E721BAA323AB2FA90076D4BB /* zip_source_free.c */; };
		E721BB0123AB2FA90076D4BB /* zip_get_num_files.c in Sources */ = {isa = PBXBuildFile; fileRef = E721BAA423AB2FA90076D4BB /* zip_get_num_files.c */; };
		E721BB0223AB2FA90076D4BB /* zip_err_str.c in Sources */ = {isa = PBXBuildFile; fileRef = E721BAA523AB2FA90076D4BB /* zip_err_str.c */; };
		E721BB0323AB2FA90076D4BB /* zip_add_entry.c in Sources */ = {isa = PBXBuildFile; fileRef = E721BAA623AB2FA90076D4BB /* zip_add_entry.c */; };
		E721BB0423AB2FA90076D4BB /* zip_source_filep.c in Sources */ = {isa = PBXBuildFile; fileRef = E721BAA723AB2FA90076D4BB /* zip_source_filep.c */; };
		E721BB0523AB2FA90076D4BB /* zip_error.c in Sources */ = {isa = PBXBuildFile; fileRef = E721BAA823AB2FA90076D4BB /* zip_error.c */; };
		E721BB0623AB2FA90076D4BB /* zip_strerror.c in Sources */ = {isa = PBXBuildFile; fileRef = E721BAA923AB2FA90076D4BB /* zip_strerror.c */; };
		E721BB0723AB2FA90076D4BB /* zip_get_encryption_implementation.c in Sources */ = {isa = PBXBuildFile; fileRef = E721BAAA23AB2FA90076D4BB /* zip_get_encryption_implementation.c */; };
		E721BB0823AB2FA90076D4BB /* zip_get_archive_flag.c in Sources */ = {isa = PBXBuildFile; fileRef = E721BAAB23AB2FA90076D4BB /* zip_get_archive_flag.c */; };
		E721BB0923AB2FA90076D4BB /* zip_set_archive_flag.c in Sources */ = {isa = PBXBuildFile; fileRef = E721BAAC23AB2FA90076D4BB /* zip_set_archive_flag.c */; };
		E721BB0A23AB2FA90076D4BB /* zip_source_zip_new.c in Sources */ = {isa = PBXBuildFile; fileRef = E721BAAD23AB2FA90076D4BB /* zip_source_zip_new.c */; };
		E721BB0B23AB2FA90076D4BB /* zip_get_compression_implementation.c in Sources */ = {isa = PBXBuildFile; fileRef = E721BAAE23AB2FA90076D4BB /* zip_get_compression_implementation.c */; };
		E721BB0C23AB2FA90076D4BB /* zip_source_deflate.c in Sources */ = {isa = PBXBuildFile; fileRef = E721BAAF23AB2FA90076D4BB /* zip_source_deflate.c */; };
		E721BB0D23AB2FA90076D4BB /* zip_fdopen.c in Sources */ = {isa = PBXBuildFile; fileRef = E721BAB023AB2FA90076D4BB /* zip_fdopen.c */; };
		E721BB0E23AB2FA90076D4BB /* zip_unchange_data.c in Sources */ = {isa = PBXBuildFile; fileRef = E721BAB123AB2FA90076D4BB /* zip_unchange_data.c */; };
		E721BB0F23AB2FA90076D4BB /* zip_source_pop.c in Sources */ = {isa = PBXBuildFile; fileRef = E721BAB223AB2FA90076D4BB /* zip_source_pop.c */; };
		E721BB1023AB2FA90076D4BB /* zip_set_default_password.c in Sources */ = {isa = PBXBuildFile; fileRef = E721BAB323AB2FA90076D4BB /* zip_set_default_password.c */; };
		E721BB1123AB2FA90076D4BB /* zip_extra_field_api.c in Sources */ = {isa = PBXBuildFile; fileRef = E721BAB423AB2FA90076D4BB /* zip_extra_field_api.c */; };
		E721BB1223AB2FA90076D4BB /* zip_fread.c in Sources */ = {isa = PBXBuildFile; fileRef = E721BAB523AB2FA90076D4BB /* zip_fread.c */; };
		E721BB1323AB2FA90076D4BB /* zip_rename.c in Sources */ = {isa = PBXBuildFile; fileRef = E721BAB623AB2FA90076D4BB /* zip_rename.c */; };
		E721BB1423AB2FA90076D4BB /* zip_source_zip.c in Sources */ = {isa = PBXBuildFile; fileRef = E721BAB723AB2FA90076D4BB /* zip_source_zip.c */; };
		E721BB1523AB2FA90076D4BB /* zip_stat_index.c in Sources */ = {isa = PBXBuildFile; fileRef = E721BAB823AB2FA90076D4BB /* zip_stat_index.c */; };
		E721BB1623AB2FA90076D4BB /* zip_get_num_entries.c in Sources */ = {isa = PBXBuildFile; fileRef = E721BAB923AB2FA90076D4BB /* zip_get_num_entries.c */; };
		E721BB1723AB2FA90076D4BB /* zip_source_function.c in Sources */ = {isa = PBXBuildFile; fileRef = E721BABA23AB2FA90076D4BB /* zip_source_function.c */; };
		E721BB1823AB2FA90076D4BB /* zip_file_set_external_attributes.c in Sources */ = {isa = PBXBuildFile; fileRef = E721BABB23AB2FA90076D4BB /* zip_file_set_external_attributes.c */; };
		E721BB1923AB2FA90076D4BB /* zip_replace.c in Sources */ = {isa = PBXBuildFile; fileRef = E721BABC23AB2FA90076D4BB /* zip_replace.c */; };
		E721BB1A23AB2FA90076D4BB /* zip_delete.c in Sources */ = {isa = PBXBuildFile; fileRef = E721BABD23AB2FA90076D4BB /* zip_delete.c */; };
		E721BB1B23AB2FA90076D4BB /* zip_source_crc.c in Sources */ = {isa = PBXBuildFile; fileRef = E721BABE23AB2FA90076D4BB /* zip_source_crc.c */; };
		E721BB1C23AB2FA90076D4BB /* zip_set_file_comment.c in Sources */ = {isa = PBXBuildFile; fileRef = E721BABF23AB2FA90076D4BB /* zip_set_file_comment.c */; };
		E721BB1D23AB2FA90076D4BB /* zip_stat.c in Sources */ = {isa = PBXBuildFile; fileRef = E721BAC023AB2FA90076D4BB /* zip_stat.c */; };
		E721BB1E23AB2FA90076D4BB /* zip_get_file_comment.c in Sources */ = {isa = PBXBuildFile; fileRef = E721BAC123AB2FA90076D4BB /* zip_get_file_comment.c */; };
		E721BB1F23AB2FA90076D4BB /* zip_source_close.c in Sources */ = {isa = PBXBuildFile; fileRef = E721BAC323AB2FA90076D4BB /* zip_source_close.c */; };
		E721BB2023AB2FA90076D4BB /* zip_source_read.c in Sources */ = {isa = PBXBuildFile; fileRef = E721BAC423AB2FA90076D4BB /* zip_source_read.c */; };
		E721BB2123AB2FA90076D4BB /* zip_open.c in Sources */ = {isa = PBXBuildFile; fileRef = E721BAC523AB2FA90076D4BB /* zip_open.c */; };
		E721BB2223AB2FA90076D4BB /* zip_fopen_index_encrypted.c in Sources */ = {isa = PBXBuildFile; fileRef = E721BAC623AB2FA90076D4BB /* zip_fopen_index_encrypted.c */; };
		E721BB2323AB2FA90076D4BB /* zip_utf-8.c in Sources */ = {isa = PBXBuildFile; fileRef = E721BAC723AB2FA90076D4BB /* zip_utf-8.c */; };
		E721BB2423AB2FA90076D4BB /* zip_error_get.c in Sources */ = {isa = PBXBuildFile; fileRef = E721BAC823AB2FA90076D4BB /* zip_error_get.c */; };
		E721BB2523AB2FA90076D4BB /* zip_fclose.c in Sources */ = {isa = PBXBuildFile; fileRef = E721BAC923AB2FA90076D4BB /* zip_fclose.c */; };
		E721BB2623AB2FA90076D4BB /* zip_dirent.c in Sources */ = {isa = PBXBuildFile; fileRef = E721BACA23AB2FA90076D4BB /* zip_dirent.c */; };
		E721BB2723AB2FA90076D4BB /* zip_file_add.c in Sources */ = {isa = PBXBuildFile; fileRef = E721BACB23AB2FA90076D4BB /* zip_file_add.c */; };
		E721BB2823AB2FA90076D4BB /* zip_source_error.c in Sources */ = {isa = PBXBuildFile; fileRef = E721BACC23AB2FA90076D4BB /* zip_source_error.c */; };
		E721BB2923AB2FA90076D4BB /* zip_file_error_clear.c in Sources */ = {isa = PBXBuildFile; fileRef = E721BACD23AB2FA90076D4BB /* zip_file_error_clear.c */; };
		E721BB2A23AB2FA90076D4BB /* zip_error_to_str.c in Sources */ = {isa = PBXBuildFile; fileRef = E721BACE23AB2FA90076D4BB /* zip_error_to_str.c */; };
		E721BB2B23AB2FA90076D4BB /* zip_source_window.c in Sources */ = {isa = PBXBuildFile; fileRef = E721BAD123AB2FA90076D4BB /* zip_source_window.c */; };
		E721BB2C23AB2FA90076D4BB /* zip_file_get_comment.c in Sources */ = {isa = PBXBuildFile; fileRef = E721BAD223AB2FA90076D4BB /* zip_file_get_comment.c */; };
		E721BB2D23AB2FA90076D4BB /* zip_stat_init.c in Sources */ = {isa = PBXBuildFile; fileRef = E721BAD323AB2FA90076D4BB /* zip_stat_init.c */; };
		E721BB2E23AB2FA90076D4BB /* zip_fopen.c in Sources */ = {isa = PBXBuildFile; fileRef = E721BAD423AB2FA90076D4BB /* zip_fopen.c */; };
		E721BB2F23AB2FA90076D4BB /* zip_unchange_all.c in Sources */ = {isa = PBXBuildFile; fileRef = E721BAD523AB2FA90076D4BB /* zip_unchange_all.c */; };
		E721BB3023AB2FA90076D4BB /* zip_source_layered.c in Sources */ = {isa = PBXBuildFile; fileRef = E721BAD623AB2FA90076D4BB /* zip_source_layered.c */; };
		E721BB3123AB2FA90076D4BB /* zip_error_strerror.c in Sources */ = {isa = PBXBuildFile; fileRef = E721BAD723AB2FA90076D4BB /* zip_error_strerror.c */; };
		E721BB3223AB2FA90076D4BB /* Info.plist in Resources */ = {isa = PBXBuildFile; fileRef = E721BAD923AB2FA90076D4BB /* Info.plist */; };
		E721BB3423AB722E0076D4BB /* Credits.rtf in Resources */ = {isa = PBXBuildFile; fileRef = E721BB3323AB722E0076D4BB /* Credits.rtf */; };
		E7BB17AB23B053B200DE2F67 /* PreferenceGeneralViewController.swift in Sources */ = {isa = PBXBuildFile; fileRef = E7BB17AA23B053B200DE2F67 /* PreferenceGeneralViewController.swift */; };
		E7D274B923B08BA400307C57 /* PakapoTabViewController.swift in Sources */ = {isa = PBXBuildFile; fileRef = E7D274B823B08BA400307C57 /* PakapoTabViewController.swift */; };
/* End PBXBuildFile section */

/* Begin PBXFileReference section */
		712DEE8023A60A2E007F6750 /* PakapoImageScrollView.swift */ = {isa = PBXFileReference; lastKnownFileType = sourcecode.swift; path = PakapoImageScrollView.swift; sourceTree = "<group>"; };
		71D593B423A3A01D00025091 /* DraggingView.swift */ = {isa = PBXFileReference; lastKnownFileType = sourcecode.swift; path = DraggingView.swift; sourceTree = "<group>"; };
		71D593B723A3C68F00025091 /* URL+ext.swift */ = {isa = PBXFileReference; lastKnownFileType = sourcecode.swift; path = "URL+ext.swift"; sourceTree = "<group>"; };
		E71E357B239A40530021E1A2 /* Pakapo.app */ = {isa = PBXFileReference; explicitFileType = wrapper.application; includeInIndex = 0; path = Pakapo.app; sourceTree = BUILT_PRODUCTS_DIR; };
		E71E357E239A40530021E1A2 /* AppDelegate.swift */ = {isa = PBXFileReference; lastKnownFileType = sourcecode.swift; path = AppDelegate.swift; sourceTree = "<group>"; };
		E71E3580239A40530021E1A2 /* PakapoViewController.swift */ = {isa = PBXFileReference; lastKnownFileType = sourcecode.swift; path = PakapoViewController.swift; sourceTree = "<group>"; };
		E71E3582239A40540021E1A2 /* Assets.xcassets */ = {isa = PBXFileReference; lastKnownFileType = folder.assetcatalog; path = Assets.xcassets; sourceTree = "<group>"; };
		E71E3587239A40540021E1A2 /* Info.plist */ = {isa = PBXFileReference; lastKnownFileType = text.plist.xml; path = Info.plist; sourceTree = "<group>"; };
		E71E3588239A40540021E1A2 /* Pakapo.entitlements */ = {isa = PBXFileReference; lastKnownFileType = text.plist.entitlements; path = Pakapo.entitlements; sourceTree = "<group>"; };
		E71E3594239A42600021E1A2 /* PakapoImageView.swift */ = {isa = PBXFileReference; lastKnownFileType = sourcecode.swift; path = PakapoImageView.swift; sourceTree = "<group>"; };
		E71E3596239A428D0021E1A2 /* PakapoImageModel.swift */ = {isa = PBXFileReference; lastKnownFileType = sourcecode.swift; path = PakapoImageModel.swift; sourceTree = "<group>"; };
		E71F335623A8B1C30037B1CD /* PakapoImageClipView.swift */ = {isa = PBXFileReference; lastKnownFileType = sourcecode.swift; path = PakapoImageClipView.swift; sourceTree = "<group>"; };
		E71F61A423B044660042C190 /* PakapoPreferencesWindow.swift */ = {isa = PBXFileReference; lastKnownFileType = sourcecode.swift; path = PakapoPreferencesWindow.swift; sourceTree = "<group>"; };
		E721BA7723AB2FA90076D4BB /* ZUnzip.swift */ = {isa = PBXFileReference; fileEncoding = 4; lastKnownFileType = sourcecode.swift; path = ZUnzip.swift; sourceTree = "<group>"; };
		E721BA7923AB2FA90076D4BB /* fmemopen.h */ = {isa = PBXFileReference; fileEncoding = 4; lastKnownFileType = sourcecode.c.h; path = fmemopen.h; sourceTree = "<group>"; };
		E721BA7A23AB2FA90076D4BB /* README.md */ = {isa = PBXFileReference; fileEncoding = 4; lastKnownFileType = net.daringfireball.markdown; path = README.md; sourceTree = "<group>"; };
		E721BA7B23AB2FA90076D4BB /* module.modulemap */ = {isa = PBXFileReference; fileEncoding = 4; lastKnownFileType = "sourcecode.module-map"; path = module.modulemap; sourceTree = "<group>"; };
		E721BA7C23AB2FA90076D4BB /* fmemopen.c */ = {isa = PBXFileReference; fileEncoding = 4; lastKnownFileType = sourcecode.c.c; path = fmemopen.c; sourceTree = "<group>"; };
		E721BA7E23AB2FA90076D4BB /* zip_memdup.c */ = {isa = PBXFileReference; fileEncoding = 4; lastKnownFileType = sourcecode.c.c; path = zip_memdup.c; sourceTree = "<group>"; };
		E721BA7F23AB2FA90076D4BB /* zip_file_get_external_attributes.c */ = {isa = PBXFileReference; fileEncoding = 4; lastKnownFileType = sourcecode.c.c; path = zip_file_get_external_attributes.c; sourceTree = "<group>"; };
		E721BA8023AB2FA90076D4BB /* zipint.h */ = {isa = PBXFileReference; fileEncoding = 4; lastKnownFileType = sourcecode.c.h; path = zipint.h; sourceTree = "<group>"; };
		E721BA8123AB2FA90076D4BB /* zip_add.c */ = {isa = PBXFileReference; fileEncoding = 4; lastKnownFileType = sourcecode.c.c; path = zip_add.c; sourceTree = "<group>"; };
		E721BA8223AB2FA90076D4BB /* zip_filerange_crc.c */ = {isa = PBXFileReference; fileEncoding = 4; lastKnownFileType = sourcecode.c.c; path = zip_filerange_crc.c; sourceTree = "<group>"; };
		E721BA8323AB2FA90076D4BB /* zip_get_name.c */ = {isa = PBXFileReference; fileEncoding = 4; lastKnownFileType = sourcecode.c.c; path = zip_get_name.c; sourceTree = "<group>"; };
		E721BA8423AB2FA90076D4BB /* zip_file_strerror.c */ = {isa = PBXFileReference; fileEncoding = 4; lastKnownFileType = sourcecode.c.c; path = zip_file_strerror.c; sourceTree = "<group>"; };
		E721BA8523AB2FA90076D4BB /* zip_fopen_index.c */ = {isa = PBXFileReference; fileEncoding = 4; lastKnownFileType = sourcecode.c.c; path = zip_fopen_index.c; sourceTree = "<group>"; };
		E721BA8623AB2FA90076D4BB /* zip_source_buffer.c */ = {isa = PBXFileReference; fileEncoding = 4; lastKnownFileType = sourcecode.c.c; path = zip_source_buffer.c; sourceTree = "<group>"; };
		E721BA8723AB2FA90076D4BB /* zip_error_clear.c */ = {isa = PBXFileReference; fileEncoding = 4; lastKnownFileType = sourcecode.c.c; path = zip_error_clear.c; sourceTree = "<group>"; };
		E721BA8823AB2FA90076D4BB /* zip_source_stat.c */ = {isa = PBXFileReference; fileEncoding = 4; lastKnownFileType = sourcecode.c.c; path = zip_source_stat.c; sourceTree = "<group>"; };
		E721BA8923AB2FA90076D4BB /* zip_get_archive_comment.c */ = {isa = PBXFileReference; fileEncoding = 4; lastKnownFileType = sourcecode.c.c; path = zip_get_archive_comment.c; sourceTree = "<group>"; };
		E721BA8A23AB2FA90076D4BB /* zip_file_rename.c */ = {isa = PBXFileReference; fileEncoding = 4; lastKnownFileType = sourcecode.c.c; path = zip_file_rename.c; sourceTree = "<group>"; };
		E721BA8B23AB2FA90076D4BB /* zip_source_pkware.c */ = {isa = PBXFileReference; fileEncoding = 4; lastKnownFileType = sourcecode.c.c; path = zip_source_pkware.c; sourceTree = "<group>"; };
		E721BA8C23AB2FA90076D4BB /* zip_discard.c */ = {isa = PBXFileReference; fileEncoding = 4; lastKnownFileType = sourcecode.c.c; path = zip_discard.c; sourceTree = "<group>"; };
		E721BA8D23AB2FA90076D4BB /* zip_source_file.c */ = {isa = PBXFileReference; fileEncoding = 4; lastKnownFileType = sourcecode.c.c; path = zip_source_file.c; sourceTree = "<group>"; };
		E721BA8E23AB2FA90076D4BB /* zip_string.c */ = {isa = PBXFileReference; fileEncoding = 4; lastKnownFileType = sourcecode.c.c; path = zip_string.c; sourceTree = "<group>"; };
		E721BA8F23AB2FA90076D4BB /* zip_set_name.c */ = {isa = PBXFileReference; fileEncoding = 4; lastKnownFileType = sourcecode.c.c; path = zip_set_name.c; sourceTree = "<group>"; };
		E721BA9023AB2FA90076D4BB /* zip_entry.c */ = {isa = PBXFileReference; fileEncoding = 4; lastKnownFileType = sourcecode.c.c; path = zip_entry.c; sourceTree = "<group>"; };
		E721BA9123AB2FA90076D4BB /* zip_source_open.c */ = {isa = PBXFileReference; fileEncoding = 4; lastKnownFileType = sourcecode.c.c; path = zip_source_open.c; sourceTree = "<group>"; };
		E721BA9223AB2FA90076D4BB /* zip_set_file_compression.c */ = {isa = PBXFileReference; fileEncoding = 4; lastKnownFileType = sourcecode.c.c; path = zip_set_file_compression.c; sourceTree = "<group>"; };
		E721BA9323AB2FA90076D4BB /* zip_file_error_get.c */ = {isa = PBXFileReference; fileEncoding = 4; lastKnownFileType = sourcecode.c.c; path = zip_file_error_get.c; sourceTree = "<group>"; };
		E721BA9423AB2FA90076D4BB /* zip_file_replace.c */ = {isa = PBXFileReference; fileEncoding = 4; lastKnownFileType = sourcecode.c.c; path = zip_file_replace.c; sourceTree = "<group>"; };
		E721BA9523AB2FA90076D4BB /* zip_file_get_offset.c */ = {isa = PBXFileReference; fileEncoding = 4; lastKnownFileType = sourcecode.c.c; path = zip_file_get_offset.c; sourceTree = "<group>"; };
		E721BA9623AB2FA90076D4BB /* zip_unchange.c */ = {isa = PBXFileReference; fileEncoding = 4; lastKnownFileType = sourcecode.c.c; path = zip_unchange.c; sourceTree = "<group>"; };
		E721BA9723AB2FA90076D4BB /* zip_new.c */ = {isa = PBXFileReference; fileEncoding = 4; lastKnownFileType = sourcecode.c.c; path = zip_new.c; sourceTree = "<group>"; };
		E721BA9823AB2FA90076D4BB /* zip_file_set_comment.c */ = {isa = PBXFileReference; fileEncoding = 4; lastKnownFileType = sourcecode.c.c; path = zip_file_set_comment.c; sourceTree = "<group>"; };
		E721BA9923AB2FA90076D4BB /* config.h */ = {isa = PBXFileReference; fileEncoding = 4; lastKnownFileType = sourcecode.c.h; path = config.h; sourceTree = "<group>"; };
		E721BA9A23AB2FA90076D4BB /* zip_close.c */ = {isa = PBXFileReference; fileEncoding = 4; lastKnownFileType = sourcecode.c.c; path = zip_close.c; sourceTree = "<group>"; };
		E721BA9B23AB2FA90076D4BB /* zip_add_dir.c */ = {isa = PBXFileReference; fileEncoding = 4; lastKnownFileType = sourcecode.c.c; path = zip_add_dir.c; sourceTree = "<group>"; };
		E721BA9C23AB2FA90076D4BB /* zip_error_get_sys_type.c */ = {isa = PBXFileReference; fileEncoding = 4; lastKnownFileType = sourcecode.c.c; path = zip_error_get_sys_type.c; sourceTree = "<group>"; };
		E721BA9D23AB2FA90076D4BB /* zip_fopen_encrypted.c */ = {isa = PBXFileReference; fileEncoding = 4; lastKnownFileType = sourcecode.c.c; path = zip_fopen_encrypted.c; sourceTree = "<group>"; };
		E721BA9E23AB2FA90076D4BB /* zip_set_archive_comment.c */ = {isa = PBXFileReference; fileEncoding = 4; lastKnownFileType = sourcecode.c.c; path = zip_set_archive_comment.c; sourceTree = "<group>"; };
		E721BA9F23AB2FA90076D4BB /* zip_extra_field.c */ = {isa = PBXFileReference; fileEncoding = 4; lastKnownFileType = sourcecode.c.c; path = zip_extra_field.c; sourceTree = "<group>"; };
		E721BAA023AB2FA90076D4BB /* zip_dir_add.c */ = {isa = PBXFileReference; fileEncoding = 4; lastKnownFileType = sourcecode.c.c; path = zip_dir_add.c; sourceTree = "<group>"; };
		E721BAA123AB2FA90076D4BB /* zip_name_locate.c */ = {isa = PBXFileReference; fileEncoding = 4; lastKnownFileType = sourcecode.c.c; path = zip_name_locate.c; sourceTree = "<group>"; };
		E721BAA223AB2FA90076D4BB /* zip_unchange_archive.c */ = {isa = PBXFileReference; fileEncoding = 4; lastKnownFileType = sourcecode.c.c; path = zip_unchange_archive.c; sourceTree = "<group>"; };
		E721BAA323AB2FA90076D4BB /* zip_source_free.c */ = {isa = PBXFileReference; fileEncoding = 4; lastKnownFileType = sourcecode.c.c; path = zip_source_free.c; sourceTree = "<group>"; };
		E721BAA423AB2FA90076D4BB /* zip_get_num_files.c */ = {isa = PBXFileReference; fileEncoding = 4; lastKnownFileType = sourcecode.c.c; path = zip_get_num_files.c; sourceTree = "<group>"; };
		E721BAA523AB2FA90076D4BB /* zip_err_str.c */ = {isa = PBXFileReference; fileEncoding = 4; lastKnownFileType = sourcecode.c.c; path = zip_err_str.c; sourceTree = "<group>"; };
		E721BAA623AB2FA90076D4BB /* zip_add_entry.c */ = {isa = PBXFileReference; fileEncoding = 4; lastKnownFileType = sourcecode.c.c; path = zip_add_entry.c; sourceTree = "<group>"; };
		E721BAA723AB2FA90076D4BB /* zip_source_filep.c */ = {isa = PBXFileReference; fileEncoding = 4; lastKnownFileType = sourcecode.c.c; path = zip_source_filep.c; sourceTree = "<group>"; };
		E721BAA823AB2FA90076D4BB /* zip_error.c */ = {isa = PBXFileReference; fileEncoding = 4; lastKnownFileType = sourcecode.c.c; path = zip_error.c; sourceTree = "<group>"; };
		E721BAA923AB2FA90076D4BB /* zip_strerror.c */ = {isa = PBXFileReference; fileEncoding = 4; lastKnownFileType = sourcecode.c.c; path = zip_strerror.c; sourceTree = "<group>"; };
		E721BAAA23AB2FA90076D4BB /* zip_get_encryption_implementation.c */ = {isa = PBXFileReference; fileEncoding = 4; lastKnownFileType = sourcecode.c.c; path = zip_get_encryption_implementation.c; sourceTree = "<group>"; };
		E721BAAB23AB2FA90076D4BB /* zip_get_archive_flag.c */ = {isa = PBXFileReference; fileEncoding = 4; lastKnownFileType = sourcecode.c.c; path = zip_get_archive_flag.c; sourceTree = "<group>"; };
		E721BAAC23AB2FA90076D4BB /* zip_set_archive_flag.c */ = {isa = PBXFileReference; fileEncoding = 4; lastKnownFileType = sourcecode.c.c; path = zip_set_archive_flag.c; sourceTree = "<group>"; };
		E721BAAD23AB2FA90076D4BB /* zip_source_zip_new.c */ = {isa = PBXFileReference; fileEncoding = 4; lastKnownFileType = sourcecode.c.c; path = zip_source_zip_new.c; sourceTree = "<group>"; };
		E721BAAE23AB2FA90076D4BB /* zip_get_compression_implementation.c */ = {isa = PBXFileReference; fileEncoding = 4; lastKnownFileType = sourcecode.c.c; path = zip_get_compression_implementation.c; sourceTree = "<group>"; };
		E721BAAF23AB2FA90076D4BB /* zip_source_deflate.c */ = {isa = PBXFileReference; fileEncoding = 4; lastKnownFileType = sourcecode.c.c; path = zip_source_deflate.c; sourceTree = "<group>"; };
		E721BAB023AB2FA90076D4BB /* zip_fdopen.c */ = {isa = PBXFileReference; fileEncoding = 4; lastKnownFileType = sourcecode.c.c; path = zip_fdopen.c; sourceTree = "<group>"; };
		E721BAB123AB2FA90076D4BB /* zip_unchange_data.c */ = {isa = PBXFileReference; fileEncoding = 4; lastKnownFileType = sourcecode.c.c; path = zip_unchange_data.c; sourceTree = "<group>"; };
		E721BAB223AB2FA90076D4BB /* zip_source_pop.c */ = {isa = PBXFileReference; fileEncoding = 4; lastKnownFileType = sourcecode.c.c; path = zip_source_pop.c; sourceTree = "<group>"; };
		E721BAB323AB2FA90076D4BB /* zip_set_default_password.c */ = {isa = PBXFileReference; fileEncoding = 4; lastKnownFileType = sourcecode.c.c; path = zip_set_default_password.c; sourceTree = "<group>"; };
		E721BAB423AB2FA90076D4BB /* zip_extra_field_api.c */ = {isa = PBXFileReference; fileEncoding = 4; lastKnownFileType = sourcecode.c.c; path = zip_extra_field_api.c; sourceTree = "<group>"; };
		E721BAB523AB2FA90076D4BB /* zip_fread.c */ = {isa = PBXFileReference; fileEncoding = 4; lastKnownFileType = sourcecode.c.c; path = zip_fread.c; sourceTree = "<group>"; };
		E721BAB623AB2FA90076D4BB /* zip_rename.c */ = {isa = PBXFileReference; fileEncoding = 4; lastKnownFileType = sourcecode.c.c; path = zip_rename.c; sourceTree = "<group>"; };
		E721BAB723AB2FA90076D4BB /* zip_source_zip.c */ = {isa = PBXFileReference; fileEncoding = 4; lastKnownFileType = sourcecode.c.c; path = zip_source_zip.c; sourceTree = "<group>"; };
		E721BAB823AB2FA90076D4BB /* zip_stat_index.c */ = {isa = PBXFileReference; fileEncoding = 4; lastKnownFileType = sourcecode.c.c; path = zip_stat_index.c; sourceTree = "<group>"; };
		E721BAB923AB2FA90076D4BB /* zip_get_num_entries.c */ = {isa = PBXFileReference; fileEncoding = 4; lastKnownFileType = sourcecode.c.c; path = zip_get_num_entries.c; sourceTree = "<group>"; };
		E721BABA23AB2FA90076D4BB /* zip_source_function.c */ = {isa = PBXFileReference; fileEncoding = 4; lastKnownFileType = sourcecode.c.c; path = zip_source_function.c; sourceTree = "<group>"; };
		E721BABB23AB2FA90076D4BB /* zip_file_set_external_attributes.c */ = {isa = PBXFileReference; fileEncoding = 4; lastKnownFileType = sourcecode.c.c; path = zip_file_set_external_attributes.c; sourceTree = "<group>"; };
		E721BABC23AB2FA90076D4BB /* zip_replace.c */ = {isa = PBXFileReference; fileEncoding = 4; lastKnownFileType = sourcecode.c.c; path = zip_replace.c; sourceTree = "<group>"; };
		E721BABD23AB2FA90076D4BB /* zip_delete.c */ = {isa = PBXFileReference; fileEncoding = 4; lastKnownFileType = sourcecode.c.c; path = zip_delete.c; sourceTree = "<group>"; };
		E721BABE23AB2FA90076D4BB /* zip_source_crc.c */ = {isa = PBXFileReference; fileEncoding = 4; lastKnownFileType = sourcecode.c.c; path = zip_source_crc.c; sourceTree = "<group>"; };
		E721BABF23AB2FA90076D4BB /* zip_set_file_comment.c */ = {isa = PBXFileReference; fileEncoding = 4; lastKnownFileType = sourcecode.c.c; path = zip_set_file_comment.c; sourceTree = "<group>"; };
		E721BAC023AB2FA90076D4BB /* zip_stat.c */ = {isa = PBXFileReference; fileEncoding = 4; lastKnownFileType = sourcecode.c.c; path = zip_stat.c; sourceTree = "<group>"; };
		E721BAC123AB2FA90076D4BB /* zip_get_file_comment.c */ = {isa = PBXFileReference; fileEncoding = 4; lastKnownFileType = sourcecode.c.c; path = zip_get_file_comment.c; sourceTree = "<group>"; };
		E721BAC223AB2FA90076D4BB /* zip.h */ = {isa = PBXFileReference; fileEncoding = 4; lastKnownFileType = sourcecode.c.h; path = zip.h; sourceTree = "<group>"; };
		E721BAC323AB2FA90076D4BB /* zip_source_close.c */ = {isa = PBXFileReference; fileEncoding = 4; lastKnownFileType = sourcecode.c.c; path = zip_source_close.c; sourceTree = "<group>"; };
		E721BAC423AB2FA90076D4BB /* zip_source_read.c */ = {isa = PBXFileReference; fileEncoding = 4; lastKnownFileType = sourcecode.c.c; path = zip_source_read.c; sourceTree = "<group>"; };
		E721BAC523AB2FA90076D4BB /* zip_open.c */ = {isa = PBXFileReference; fileEncoding = 4; lastKnownFileType = sourcecode.c.c; path = zip_open.c; sourceTree = "<group>"; };
		E721BAC623AB2FA90076D4BB /* zip_fopen_index_encrypted.c */ = {isa = PBXFileReference; fileEncoding = 4; lastKnownFileType = sourcecode.c.c; path = zip_fopen_index_encrypted.c; sourceTree = "<group>"; };
		E721BAC723AB2FA90076D4BB /* zip_utf-8.c */ = {isa = PBXFileReference; fileEncoding = 4; lastKnownFileType = sourcecode.c.c; path = "zip_utf-8.c"; sourceTree = "<group>"; };
		E721BAC823AB2FA90076D4BB /* zip_error_get.c */ = {isa = PBXFileReference; fileEncoding = 4; lastKnownFileType = sourcecode.c.c; path = zip_error_get.c; sourceTree = "<group>"; };
		E721BAC923AB2FA90076D4BB /* zip_fclose.c */ = {isa = PBXFileReference; fileEncoding = 4; lastKnownFileType = sourcecode.c.c; path = zip_fclose.c; sourceTree = "<group>"; };
		E721BACA23AB2FA90076D4BB /* zip_dirent.c */ = {isa = PBXFileReference; fileEncoding = 4; lastKnownFileType = sourcecode.c.c; path = zip_dirent.c; sourceTree = "<group>"; };
		E721BACB23AB2FA90076D4BB /* zip_file_add.c */ = {isa = PBXFileReference; fileEncoding = 4; lastKnownFileType = sourcecode.c.c; path = zip_file_add.c; sourceTree = "<group>"; };
		E721BACC23AB2FA90076D4BB /* zip_source_error.c */ = {isa = PBXFileReference; fileEncoding = 4; lastKnownFileType = sourcecode.c.c; path = zip_source_error.c; sourceTree = "<group>"; };
		E721BACD23AB2FA90076D4BB /* zip_file_error_clear.c */ = {isa = PBXFileReference; fileEncoding = 4; lastKnownFileType = sourcecode.c.c; path = zip_file_error_clear.c; sourceTree = "<group>"; };
		E721BACE23AB2FA90076D4BB /* zip_error_to_str.c */ = {isa = PBXFileReference; fileEncoding = 4; lastKnownFileType = sourcecode.c.c; path = zip_error_to_str.c; sourceTree = "<group>"; };
		E721BACF23AB2FA90076D4BB /* module.modulemap */ = {isa = PBXFileReference; fileEncoding = 4; lastKnownFileType = "sourcecode.module-map"; path = module.modulemap; sourceTree = "<group>"; };
		E721BAD023AB2FA90076D4BB /* zipconf.h */ = {isa = PBXFileReference; fileEncoding = 4; lastKnownFileType = sourcecode.c.h; path = zipconf.h; sourceTree = "<group>"; };
		E721BAD123AB2FA90076D4BB /* zip_source_window.c */ = {isa = PBXFileReference; fileEncoding = 4; lastKnownFileType = sourcecode.c.c; path = zip_source_window.c; sourceTree = "<group>"; };
		E721BAD223AB2FA90076D4BB /* zip_file_get_comment.c */ = {isa = PBXFileReference; fileEncoding = 4; lastKnownFileType = sourcecode.c.c; path = zip_file_get_comment.c; sourceTree = "<group>"; };
		E721BAD323AB2FA90076D4BB /* zip_stat_init.c */ = {isa = PBXFileReference; fileEncoding = 4; lastKnownFileType = sourcecode.c.c; path = zip_stat_init.c; sourceTree = "<group>"; };
		E721BAD423AB2FA90076D4BB /* zip_fopen.c */ = {isa = PBXFileReference; fileEncoding = 4; lastKnownFileType = sourcecode.c.c; path = zip_fopen.c; sourceTree = "<group>"; };
		E721BAD523AB2FA90076D4BB /* zip_unchange_all.c */ = {isa = PBXFileReference; fileEncoding = 4; lastKnownFileType = sourcecode.c.c; path = zip_unchange_all.c; sourceTree = "<group>"; };
		E721BAD623AB2FA90076D4BB /* zip_source_layered.c */ = {isa = PBXFileReference; fileEncoding = 4; lastKnownFileType = sourcecode.c.c; path = zip_source_layered.c; sourceTree = "<group>"; };
		E721BAD723AB2FA90076D4BB /* zip_error_strerror.c */ = {isa = PBXFileReference; fileEncoding = 4; lastKnownFileType = sourcecode.c.c; path = zip_error_strerror.c; sourceTree = "<group>"; };
		E721BAD823AB2FA90076D4BB /* ZUnzip.h */ = {isa = PBXFileReference; fileEncoding = 4; lastKnownFileType = sourcecode.c.h; path = ZUnzip.h; sourceTree = "<group>"; };
		E721BAD923AB2FA90076D4BB /* Info.plist */ = {isa = PBXFileReference; fileEncoding = 4; lastKnownFileType = text.plist.xml; path = Info.plist; sourceTree = "<group>"; };
		E721BB3323AB722E0076D4BB /* Credits.rtf */ = {isa = PBXFileReference; lastKnownFileType = text.rtf; path = Credits.rtf; sourceTree = "<group>"; };
		E73EB81B23A1FDFA00C661C7 /* ja */ = {isa = PBXFileReference; lastKnownFileType = file.storyboard; name = ja; path = ja.lproj/Pakapo.storyboard; sourceTree = "<group>"; };
		E7BB17AA23B053B200DE2F67 /* PreferenceGeneralViewController.swift */ = {isa = PBXFileReference; lastKnownFileType = sourcecode.swift; path = PreferenceGeneralViewController.swift; sourceTree = "<group>"; };
		E7D274B823B08BA400307C57 /* PakapoTabViewController.swift */ = {isa = PBXFileReference; fileEncoding = 4; lastKnownFileType = sourcecode.swift; path = PakapoTabViewController.swift; sourceTree = "<group>"; };
/* End PBXFileReference section */

/* Begin PBXFrameworksBuildPhase section */
		E71E3578239A40530021E1A2 /* Frameworks */ = {
			isa = PBXFrameworksBuildPhase;
			buildActionMask = 2147483647;
			files = (
			);
			runOnlyForDeploymentPostprocessing = 0;
		};
/* End PBXFrameworksBuildPhase section */

/* Begin PBXGroup section */
		71D593B623A3C5F100025091 /* Extension */ = {
			isa = PBXGroup;
			children = (
				71D593B723A3C68F00025091 /* URL+ext.swift */,
			);
			path = Extension;
			sourceTree = "<group>";
		};
		E71E3572239A40530021E1A2 = {
			isa = PBXGroup;
			children = (
				E721BA7523AB2F7F0076D4BB /* OtherSources */,
				E71E357D239A40530021E1A2 /* Pakapo */,
				E71E357C239A40530021E1A2 /* Products */,
			);
			sourceTree = "<group>";
		};
		E71E357C239A40530021E1A2 /* Products */ = {
			isa = PBXGroup;
			children = (
				E71E357B239A40530021E1A2 /* Pakapo.app */,
			);
			name = Products;
			sourceTree = "<group>";
		};
		E71E357D239A40530021E1A2 /* Pakapo */ = {
			isa = PBXGroup;
			children = (
				E71E358F239A40A20021E1A2 /* Classes */,
				E71E358E239A409A0021E1A2 /* Resources */,
			);
			path = Pakapo;
			sourceTree = "<group>";
		};
		E71E358E239A409A0021E1A2 /* Resources */ = {
			isa = PBXGroup;
			children = (
				E71E3598239A43590021E1A2 /* Storyboard */,
				E71E3582239A40540021E1A2 /* Assets.xcassets */,
				E71E3587239A40540021E1A2 /* Info.plist */,
				E71E3588239A40540021E1A2 /* Pakapo.entitlements */,
				E721BB3323AB722E0076D4BB /* Credits.rtf */,
			);
			path = Resources;
			sourceTree = "<group>";
		};
		E71E358F239A40A20021E1A2 /* Classes */ = {
			isa = PBXGroup;
			children = (
				E71E357E239A40530021E1A2 /* AppDelegate.swift */,
				E71F61A323B044400042C190 /* Window */,
				71D593B623A3C5F100025091 /* Extension */,
				E71E3593239A41F80021E1A2 /* Model */,
				E71E3592239A41F00021E1A2 /* View */,
				E71E3591239A41E50021E1A2 /* Controller */,
			);
			path = Classes;
			sourceTree = "<group>";
		};
		E71E3591239A41E50021E1A2 /* Controller */ = {
			isa = PBXGroup;
			children = (
				E7BB17A923B0538400DE2F67 /* Main */,
				E7BB17A823B0537600DE2F67 /* Preference */,
			);
			path = Controller;
			sourceTree = "<group>";
		};
		E71E3592239A41F00021E1A2 /* View */ = {
			isa = PBXGroup;
			children = (
				E71E3594239A42600021E1A2 /* PakapoImageView.swift */,
				712DEE8023A60A2E007F6750 /* PakapoImageScrollView.swift */,
				E71F335623A8B1C30037B1CD /* PakapoImageClipView.swift */,
				71D593B423A3A01D00025091 /* DraggingView.swift */,
			);
			path = View;
			sourceTree = "<group>";
		};
		E71E3593239A41F80021E1A2 /* Model */ = {
			isa = PBXGroup;
			children = (
				E71E3596239A428D0021E1A2 /* PakapoImageModel.swift */,
			);
			path = Model;
			sourceTree = "<group>";
		};
		E71E3598239A43590021E1A2 /* Storyboard */ = {
			isa = PBXGroup;
			children = (
				E71E3584239A40540021E1A2 /* Pakapo.storyboard */,
			);
			path = Storyboard;
			sourceTree = "<group>";
		};
		E71F61A323B044400042C190 /* Window */ = {
			isa = PBXGroup;
			children = (
				E71F61A423B044660042C190 /* PakapoPreferencesWindow.swift */,
			);
			path = Window;
			sourceTree = "<group>";
		};
		E721BA7523AB2F7F0076D4BB /* OtherSources */ = {
			isa = PBXGroup;
			children = (
				E721BA7623AB2FA90076D4BB /* ZUnzip */,
			);
			path = OtherSources;
			sourceTree = "<group>";
		};
		E721BA7623AB2FA90076D4BB /* ZUnzip */ = {
			isa = PBXGroup;
			children = (
				E721BA7723AB2FA90076D4BB /* ZUnzip.swift */,
				E721BA7823AB2FA90076D4BB /* fmemopen */,
				E721BA7D23AB2FA90076D4BB /* libzip */,
				E721BAD823AB2FA90076D4BB /* ZUnzip.h */,
				E721BAD923AB2FA90076D4BB /* Info.plist */,
			);
			path = ZUnzip;
			sourceTree = "<group>";
		};
		E721BA7823AB2FA90076D4BB /* fmemopen */ = {
			isa = PBXGroup;
			children = (
				E721BA7923AB2FA90076D4BB /* fmemopen.h */,
				E721BA7A23AB2FA90076D4BB /* README.md */,
				E721BA7B23AB2FA90076D4BB /* module.modulemap */,
				E721BA7C23AB2FA90076D4BB /* fmemopen.c */,
			);
			path = fmemopen;
			sourceTree = "<group>";
		};
		E721BA7D23AB2FA90076D4BB /* libzip */ = {
			isa = PBXGroup;
			children = (
				E721BA7E23AB2FA90076D4BB /* zip_memdup.c */,
				E721BA7F23AB2FA90076D4BB /* zip_file_get_external_attributes.c */,
				E721BA8023AB2FA90076D4BB /* zipint.h */,
				E721BA8123AB2FA90076D4BB /* zip_add.c */,
				E721BA8223AB2FA90076D4BB /* zip_filerange_crc.c */,
				E721BA8323AB2FA90076D4BB /* zip_get_name.c */,
				E721BA8423AB2FA90076D4BB /* zip_file_strerror.c */,
				E721BA8523AB2FA90076D4BB /* zip_fopen_index.c */,
				E721BA8623AB2FA90076D4BB /* zip_source_buffer.c */,
				E721BA8723AB2FA90076D4BB /* zip_error_clear.c */,
				E721BA8823AB2FA90076D4BB /* zip_source_stat.c */,
				E721BA8923AB2FA90076D4BB /* zip_get_archive_comment.c */,
				E721BA8A23AB2FA90076D4BB /* zip_file_rename.c */,
				E721BA8B23AB2FA90076D4BB /* zip_source_pkware.c */,
				E721BA8C23AB2FA90076D4BB /* zip_discard.c */,
				E721BA8D23AB2FA90076D4BB /* zip_source_file.c */,
				E721BA8E23AB2FA90076D4BB /* zip_string.c */,
				E721BA8F23AB2FA90076D4BB /* zip_set_name.c */,
				E721BA9023AB2FA90076D4BB /* zip_entry.c */,
				E721BA9123AB2FA90076D4BB /* zip_source_open.c */,
				E721BA9223AB2FA90076D4BB /* zip_set_file_compression.c */,
				E721BA9323AB2FA90076D4BB /* zip_file_error_get.c */,
				E721BA9423AB2FA90076D4BB /* zip_file_replace.c */,
				E721BA9523AB2FA90076D4BB /* zip_file_get_offset.c */,
				E721BA9623AB2FA90076D4BB /* zip_unchange.c */,
				E721BA9723AB2FA90076D4BB /* zip_new.c */,
				E721BA9823AB2FA90076D4BB /* zip_file_set_comment.c */,
				E721BA9923AB2FA90076D4BB /* config.h */,
				E721BA9A23AB2FA90076D4BB /* zip_close.c */,
				E721BA9B23AB2FA90076D4BB /* zip_add_dir.c */,
				E721BA9C23AB2FA90076D4BB /* zip_error_get_sys_type.c */,
				E721BA9D23AB2FA90076D4BB /* zip_fopen_encrypted.c */,
				E721BA9E23AB2FA90076D4BB /* zip_set_archive_comment.c */,
				E721BA9F23AB2FA90076D4BB /* zip_extra_field.c */,
				E721BAA023AB2FA90076D4BB /* zip_dir_add.c */,
				E721BAA123AB2FA90076D4BB /* zip_name_locate.c */,
				E721BAA223AB2FA90076D4BB /* zip_unchange_archive.c */,
				E721BAA323AB2FA90076D4BB /* zip_source_free.c */,
				E721BAA423AB2FA90076D4BB /* zip_get_num_files.c */,
				E721BAA523AB2FA90076D4BB /* zip_err_str.c */,
				E721BAA623AB2FA90076D4BB /* zip_add_entry.c */,
				E721BAA723AB2FA90076D4BB /* zip_source_filep.c */,
				E721BAA823AB2FA90076D4BB /* zip_error.c */,
				E721BAA923AB2FA90076D4BB /* zip_strerror.c */,
				E721BAAA23AB2FA90076D4BB /* zip_get_encryption_implementation.c */,
				E721BAAB23AB2FA90076D4BB /* zip_get_archive_flag.c */,
				E721BAAC23AB2FA90076D4BB /* zip_set_archive_flag.c */,
				E721BAAD23AB2FA90076D4BB /* zip_source_zip_new.c */,
				E721BAAE23AB2FA90076D4BB /* zip_get_compression_implementation.c */,
				E721BAAF23AB2FA90076D4BB /* zip_source_deflate.c */,
				E721BAB023AB2FA90076D4BB /* zip_fdopen.c */,
				E721BAB123AB2FA90076D4BB /* zip_unchange_data.c */,
				E721BAB223AB2FA90076D4BB /* zip_source_pop.c */,
				E721BAB323AB2FA90076D4BB /* zip_set_default_password.c */,
				E721BAB423AB2FA90076D4BB /* zip_extra_field_api.c */,
				E721BAB523AB2FA90076D4BB /* zip_fread.c */,
				E721BAB623AB2FA90076D4BB /* zip_rename.c */,
				E721BAB723AB2FA90076D4BB /* zip_source_zip.c */,
				E721BAB823AB2FA90076D4BB /* zip_stat_index.c */,
				E721BAB923AB2FA90076D4BB /* zip_get_num_entries.c */,
				E721BABA23AB2FA90076D4BB /* zip_source_function.c */,
				E721BABB23AB2FA90076D4BB /* zip_file_set_external_attributes.c */,
				E721BABC23AB2FA90076D4BB /* zip_replace.c */,
				E721BABD23AB2FA90076D4BB /* zip_delete.c */,
				E721BABE23AB2FA90076D4BB /* zip_source_crc.c */,
				E721BABF23AB2FA90076D4BB /* zip_set_file_comment.c */,
				E721BAC023AB2FA90076D4BB /* zip_stat.c */,
				E721BAC123AB2FA90076D4BB /* zip_get_file_comment.c */,
				E721BAC223AB2FA90076D4BB /* zip.h */,
				E721BAC323AB2FA90076D4BB /* zip_source_close.c */,
				E721BAC423AB2FA90076D4BB /* zip_source_read.c */,
				E721BAC523AB2FA90076D4BB /* zip_open.c */,
				E721BAC623AB2FA90076D4BB /* zip_fopen_index_encrypted.c */,
				E721BAC723AB2FA90076D4BB /* zip_utf-8.c */,
				E721BAC823AB2FA90076D4BB /* zip_error_get.c */,
				E721BAC923AB2FA90076D4BB /* zip_fclose.c */,
				E721BACA23AB2FA90076D4BB /* zip_dirent.c */,
				E721BACB23AB2FA90076D4BB /* zip_file_add.c */,
				E721BACC23AB2FA90076D4BB /* zip_source_error.c */,
				E721BACD23AB2FA90076D4BB /* zip_file_error_clear.c */,
				E721BACE23AB2FA90076D4BB /* zip_error_to_str.c */,
				E721BACF23AB2FA90076D4BB /* module.modulemap */,
				E721BAD023AB2FA90076D4BB /* zipconf.h */,
				E721BAD123AB2FA90076D4BB /* zip_source_window.c */,
				E721BAD223AB2FA90076D4BB /* zip_file_get_comment.c */,
				E721BAD323AB2FA90076D4BB /* zip_stat_init.c */,
				E721BAD423AB2FA90076D4BB /* zip_fopen.c */,
				E721BAD523AB2FA90076D4BB /* zip_unchange_all.c */,
				E721BAD623AB2FA90076D4BB /* zip_source_layered.c */,
				E721BAD723AB2FA90076D4BB /* zip_error_strerror.c */,
			);
			path = libzip;
			sourceTree = "<group>";
		};
		E7BB17A823B0537600DE2F67 /* Preference */ = {
			isa = PBXGroup;
			children = (
				E7D274B823B08BA400307C57 /* PakapoTabViewController.swift */,
				E7BB17AA23B053B200DE2F67 /* PreferenceGeneralViewController.swift */,
			);
			path = Preference;
			sourceTree = "<group>";
		};
		E7BB17A923B0538400DE2F67 /* Main */ = {
			isa = PBXGroup;
			children = (
				E71E3580239A40530021E1A2 /* PakapoViewController.swift */,
			);
			path = Main;
			sourceTree = "<group>";
		};
/* End PBXGroup section */

/* Begin PBXNativeTarget section */
		E71E357A239A40530021E1A2 /* Pakapo */ = {
			isa = PBXNativeTarget;
			buildConfigurationList = E71E358B239A40540021E1A2 /* Build configuration list for PBXNativeTarget "Pakapo" */;
			buildPhases = (
				E71E3577239A40530021E1A2 /* Sources */,
				E71E3578239A40530021E1A2 /* Frameworks */,
				E71E3579239A40530021E1A2 /* Resources */,
			);
			buildRules = (
			);
			dependencies = (
			);
			name = Pakapo;
			productName = Pakapo;
			productReference = E71E357B239A40530021E1A2 /* Pakapo.app */;
			productType = "com.apple.product-type.application";
		};
/* End PBXNativeTarget section */

/* Begin PBXProject section */
		E71E3573239A40530021E1A2 /* Project object */ = {
			isa = PBXProject;
			attributes = {
				KnownAssetTags = (
					0,
					1,
				);
				LastSwiftUpdateCheck = 1110;
				LastUpgradeCheck = 1110;
				ORGANIZATIONNAME = gokuge;
				TargetAttributes = {
					E71E357A239A40530021E1A2 = {
						CreatedOnToolsVersion = 11.1;
					};
				};
			};
			buildConfigurationList = E71E3576239A40530021E1A2 /* Build configuration list for PBXProject "Pakapo" */;
			compatibilityVersion = "Xcode 9.3";
			developmentRegion = en;
			hasScannedForEncodings = 0;
			knownRegions = (
				en,
				Base,
				ja,
			);
			mainGroup = E71E3572239A40530021E1A2;
			productRefGroup = E71E357C239A40530021E1A2 /* Products */;
			projectDirPath = "";
			projectRoot = "";
			targets = (
				E71E357A239A40530021E1A2 /* Pakapo */,
			);
		};
/* End PBXProject section */

/* Begin PBXResourcesBuildPhase section */
		E71E3579239A40530021E1A2 /* Resources */ = {
			isa = PBXResourcesBuildPhase;
			buildActionMask = 2147483647;
			files = (
				E721BB3423AB722E0076D4BB /* Credits.rtf in Resources */,
				E721BB3223AB2FA90076D4BB /* Info.plist in Resources */,
				E721BADB23AB2FA90076D4BB /* README.md in Resources */,
				E71E3583239A40540021E1A2 /* Assets.xcassets in Resources */,
				E71E3586239A40540021E1A2 /* Pakapo.storyboard in Resources */,
			);
			runOnlyForDeploymentPostprocessing = 0;
		};
/* End PBXResourcesBuildPhase section */

/* Begin PBXSourcesBuildPhase section */
		E71E3577239A40530021E1A2 /* Sources */ = {
			isa = PBXSourcesBuildPhase;
			buildActionMask = 2147483647;
			files = (
				E721BADE23AB2FA90076D4BB /* zip_file_get_external_attributes.c in Sources */,
				E71E3581239A40530021E1A2 /* PakapoViewController.swift in Sources */,
				E721BB0023AB2FA90076D4BB /* zip_source_free.c in Sources */,
				E721BAF723AB2FA90076D4BB /* zip_close.c in Sources */,
				E721BAF623AB2FA90076D4BB /* zip_file_set_comment.c in Sources */,
				E721BB0523AB2FA90076D4BB /* zip_error.c in Sources */,
				E721BAFE23AB2FA90076D4BB /* zip_name_locate.c in Sources */,
				E721BB1023AB2FA90076D4BB /* zip_set_default_password.c in Sources */,
				E721BAE923AB2FA90076D4BB /* zip_source_pkware.c in Sources */,
				E721BB1723AB2FA90076D4BB /* zip_source_function.c in Sources */,
				E721BB2C23AB2FA90076D4BB /* zip_file_get_comment.c in Sources */,
				E721BB2D23AB2FA90076D4BB /* zip_stat_init.c in Sources */,
				E7D274B923B08BA400307C57 /* PakapoTabViewController.swift in Sources */,
				E721BB0C23AB2FA90076D4BB /* zip_source_deflate.c in Sources */,
				E721BB2923AB2FA90076D4BB /* zip_file_error_clear.c in Sources */,
				E721BB2E23AB2FA90076D4BB /* zip_fopen.c in Sources */,
				E721BB0F23AB2FA90076D4BB /* zip_source_pop.c in Sources */,
				E721BAFA23AB2FA90076D4BB /* zip_fopen_encrypted.c in Sources */,
				E721BB0323AB2FA90076D4BB /* zip_add_entry.c in Sources */,
				E721BADF23AB2FA90076D4BB /* zip_add.c in Sources */,
				E721BB0A23AB2FA90076D4BB /* zip_source_zip_new.c in Sources */,
				E721BB2A23AB2FA90076D4BB /* zip_error_to_str.c in Sources */,
				E721BAF423AB2FA90076D4BB /* zip_unchange.c in Sources */,
				E721BB1223AB2FA90076D4BB /* zip_fread.c in Sources */,
				E721BAFB23AB2FA90076D4BB /* zip_set_archive_comment.c in Sources */,
				E721BB0B23AB2FA90076D4BB /* zip_get_compression_implementation.c in Sources */,
				E721BADD23AB2FA90076D4BB /* zip_memdup.c in Sources */,
				E721BAED23AB2FA90076D4BB /* zip_set_name.c in Sources */,
				E721BAE023AB2FA90076D4BB /* zip_filerange_crc.c in Sources */,
				E71E3597239A428D0021E1A2 /* PakapoImageModel.swift in Sources */,
				E721BB0823AB2FA90076D4BB /* zip_get_archive_flag.c in Sources */,
				E721BB1923AB2FA90076D4BB /* zip_replace.c in Sources */,
				E721BB0923AB2FA90076D4BB /* zip_set_archive_flag.c in Sources */,
				E721BAE423AB2FA90076D4BB /* zip_source_buffer.c in Sources */,
				E721BB2023AB2FA90076D4BB /* zip_source_read.c in Sources */,
				E721BAF923AB2FA90076D4BB /* zip_error_get_sys_type.c in Sources */,
				E721BB0D23AB2FA90076D4BB /* zip_fdopen.c in Sources */,
				E721BB1423AB2FA90076D4BB /* zip_source_zip.c in Sources */,
				E721BADC23AB2FA90076D4BB /* fmemopen.c in Sources */,
				E7BB17AB23B053B200DE2F67 /* PreferenceGeneralViewController.swift in Sources */,
				E721BAF323AB2FA90076D4BB /* zip_file_get_offset.c in Sources */,
				E721BAF123AB2FA90076D4BB /* zip_file_error_get.c in Sources */,
				E721BB2323AB2FA90076D4BB /* zip_utf-8.c in Sources */,
				E721BB1E23AB2FA90076D4BB /* zip_get_file_comment.c in Sources */,
				E721BB1A23AB2FA90076D4BB /* zip_delete.c in Sources */,
				E721BB2723AB2FA90076D4BB /* zip_file_add.c in Sources */,
				E721BB0E23AB2FA90076D4BB /* zip_unchange_data.c in Sources */,
				E721BB1C23AB2FA90076D4BB /* zip_set_file_comment.c in Sources */,
				E721BB1523AB2FA90076D4BB /* zip_stat_index.c in Sources */,
				712DEE8123A60A2E007F6750 /* PakapoImageScrollView.swift in Sources */,
				E721BAE223AB2FA90076D4BB /* zip_file_strerror.c in Sources */,
				E721BB0423AB2FA90076D4BB /* zip_source_filep.c in Sources */,
				E721BB1D23AB2FA90076D4BB /* zip_stat.c in Sources */,
				E721BB3023AB2FA90076D4BB /* zip_source_layered.c in Sources */,
				E721BAE723AB2FA90076D4BB /* zip_get_archive_comment.c in Sources */,
				E721BB0723AB2FA90076D4BB /* zip_get_encryption_implementation.c in Sources */,
				E721BAFD23AB2FA90076D4BB /* zip_dir_add.c in Sources */,
				E71E357F239A40530021E1A2 /* AppDelegate.swift in Sources */,
				71D593B523A3A01D00025091 /* DraggingView.swift in Sources */,
				E721BB2823AB2FA90076D4BB /* zip_source_error.c in Sources */,
				E721BAF223AB2FA90076D4BB /* zip_file_replace.c in Sources */,
				E721BAF823AB2FA90076D4BB /* zip_add_dir.c in Sources */,
				E721BB1F23AB2FA90076D4BB /* zip_source_close.c in Sources */,
				E721BAFF23AB2FA90076D4BB /* zip_unchange_archive.c in Sources */,
				E721BAF023AB2FA90076D4BB /* zip_set_file_compression.c in Sources */,
				E721BAE623AB2FA90076D4BB /* zip_source_stat.c in Sources */,
				E721BB1123AB2FA90076D4BB /* zip_extra_field_api.c in Sources */,
				E721BAFC23AB2FA90076D4BB /* zip_extra_field.c in Sources */,
				E721BB1323AB2FA90076D4BB /* zip_rename.c in Sources */,
				E721BB2423AB2FA90076D4BB /* zip_error_get.c in Sources */,
				E721BB2223AB2FA90076D4BB /* zip_fopen_index_encrypted.c in Sources */,
				E721BB2623AB2FA90076D4BB /* zip_dirent.c in Sources */,
				E721BAEF23AB2FA90076D4BB /* zip_source_open.c in Sources */,
				E721BB0623AB2FA90076D4BB /* zip_strerror.c in Sources */,
				E721BB1623AB2FA90076D4BB /* zip_get_num_entries.c in Sources */,
				E721BB2B23AB2FA90076D4BB /* zip_source_window.c in Sources */,
				E721BB0223AB2FA90076D4BB /* zip_err_str.c in Sources */,
				E721BB2F23AB2FA90076D4BB /* zip_unchange_all.c in Sources */,
				71D593B823A3C68F00025091 /* URL+ext.swift in Sources */,
				E721BB1823AB2FA90076D4BB /* zip_file_set_external_attributes.c in Sources */,
				E721BB1B23AB2FA90076D4BB /* zip_source_crc.c in Sources */,
				E721BAEC23AB2FA90076D4BB /* zip_string.c in Sources */,
				E721BAE323AB2FA90076D4BB /* zip_fopen_index.c in Sources */,
				E721BAF523AB2FA90076D4BB /* zip_new.c in Sources */,
				E71F335723A8B1C30037B1CD /* PakapoImageClipView.swift in Sources */,
				E721BAEE23AB2FA90076D4BB /* zip_entry.c in Sources */,
				E721BB2123AB2FA90076D4BB /* zip_open.c in Sources */,
				E721BAEA23AB2FA90076D4BB /* zip_discard.c in Sources */,
				E721BB3123AB2FA90076D4BB /* zip_error_strerror.c in Sources */,
				E721BB0123AB2FA90076D4BB /* zip_get_num_files.c in Sources */,
				E721BAE523AB2FA90076D4BB /* zip_error_clear.c in Sources */,
				E71E3595239A42600021E1A2 /* PakapoImageView.swift in Sources */,
				E721BAE823AB2FA90076D4BB /* zip_file_rename.c in Sources */,
				E721BAE123AB2FA90076D4BB /* zip_get_name.c in Sources */,
				E721BAEB23AB2FA90076D4BB /* zip_source_file.c in Sources */,
				E721BB2523AB2FA90076D4BB /* zip_fclose.c in Sources */,
				E71F61A523B044660042C190 /* PakapoPreferencesWindow.swift in Sources */,
				E721BADA23AB2FA90076D4BB /* ZUnzip.swift in Sources */,
			);
			runOnlyForDeploymentPostprocessing = 0;
		};
/* End PBXSourcesBuildPhase section */

/* Begin PBXVariantGroup section */
		E71E3584239A40540021E1A2 /* Pakapo.storyboard */ = {
			isa = PBXVariantGroup;
			children = (
				E73EB81B23A1FDFA00C661C7 /* ja */,
			);
			name = Pakapo.storyboard;
			sourceTree = "<group>";
		};
/* End PBXVariantGroup section */

/* Begin XCBuildConfiguration section */
		E71E3589239A40540021E1A2 /* Debug */ = {
			isa = XCBuildConfiguration;
			buildSettings = {
				ALWAYS_SEARCH_USER_PATHS = NO;
				CLANG_ANALYZER_LOCALIZABILITY_NONLOCALIZED = YES;
				CLANG_ANALYZER_NONNULL = YES;
				CLANG_ANALYZER_NUMBER_OBJECT_CONVERSION = YES_AGGRESSIVE;
				CLANG_CXX_LANGUAGE_STANDARD = "gnu++14";
				CLANG_CXX_LIBRARY = "libc++";
				CLANG_ENABLE_MODULES = YES;
				CLANG_ENABLE_OBJC_ARC = YES;
				CLANG_ENABLE_OBJC_WEAK = YES;
				CLANG_WARN_BLOCK_CAPTURE_AUTORELEASING = YES;
				CLANG_WARN_BOOL_CONVERSION = YES;
				CLANG_WARN_COMMA = YES;
				CLANG_WARN_CONSTANT_CONVERSION = YES;
				CLANG_WARN_DEPRECATED_OBJC_IMPLEMENTATIONS = YES;
				CLANG_WARN_DIRECT_OBJC_ISA_USAGE = YES_ERROR;
				CLANG_WARN_DOCUMENTATION_COMMENTS = YES;
				CLANG_WARN_EMPTY_BODY = YES;
				CLANG_WARN_ENUM_CONVERSION = YES;
				CLANG_WARN_INFINITE_RECURSION = YES;
				CLANG_WARN_INT_CONVERSION = YES;
				CLANG_WARN_NON_LITERAL_NULL_CONVERSION = YES;
				CLANG_WARN_OBJC_IMPLICIT_RETAIN_SELF = YES;
				CLANG_WARN_OBJC_LITERAL_CONVERSION = YES;
				CLANG_WARN_OBJC_ROOT_CLASS = YES_ERROR;
				CLANG_WARN_RANGE_LOOP_ANALYSIS = YES;
				CLANG_WARN_STRICT_PROTOTYPES = YES;
				CLANG_WARN_SUSPICIOUS_MOVE = YES;
				CLANG_WARN_UNGUARDED_AVAILABILITY = YES_AGGRESSIVE;
				CLANG_WARN_UNREACHABLE_CODE = YES;
				CLANG_WARN__DUPLICATE_METHOD_MATCH = YES;
				COPY_PHASE_STRIP = NO;
				DEBUG_INFORMATION_FORMAT = dwarf;
				ENABLE_STRICT_OBJC_MSGSEND = YES;
				ENABLE_TESTABILITY = YES;
				GCC_C_LANGUAGE_STANDARD = gnu11;
				GCC_DYNAMIC_NO_PIC = NO;
				GCC_NO_COMMON_BLOCKS = YES;
				GCC_OPTIMIZATION_LEVEL = 0;
				GCC_PREPROCESSOR_DEFINITIONS = (
					"DEBUG=1",
					"$(inherited)",
				);
				GCC_WARN_64_TO_32_BIT_CONVERSION = YES;
				GCC_WARN_ABOUT_RETURN_TYPE = YES_ERROR;
				GCC_WARN_UNDECLARED_SELECTOR = YES;
				GCC_WARN_UNINITIALIZED_AUTOS = YES_AGGRESSIVE;
				GCC_WARN_UNUSED_FUNCTION = YES;
				GCC_WARN_UNUSED_VARIABLE = YES;
				MACOSX_DEPLOYMENT_TARGET = 10.14;
				MTL_ENABLE_DEBUG_INFO = INCLUDE_SOURCE;
				MTL_FAST_MATH = YES;
				ONLY_ACTIVE_ARCH = YES;
				SDKROOT = macosx;
				SWIFT_ACTIVE_COMPILATION_CONDITIONS = DEBUG;
				SWIFT_INCLUDE_PATHS = "$(SRCROOT)/OtherSources/ZUnzip";
				SWIFT_OPTIMIZATION_LEVEL = "-Onone";
			};
			name = Debug;
		};
		E71E358A239A40540021E1A2 /* Release */ = {
			isa = XCBuildConfiguration;
			buildSettings = {
				ALWAYS_SEARCH_USER_PATHS = NO;
				CLANG_ANALYZER_LOCALIZABILITY_NONLOCALIZED = YES;
				CLANG_ANALYZER_NONNULL = YES;
				CLANG_ANALYZER_NUMBER_OBJECT_CONVERSION = YES_AGGRESSIVE;
				CLANG_CXX_LANGUAGE_STANDARD = "gnu++14";
				CLANG_CXX_LIBRARY = "libc++";
				CLANG_ENABLE_MODULES = YES;
				CLANG_ENABLE_OBJC_ARC = YES;
				CLANG_ENABLE_OBJC_WEAK = YES;
				CLANG_WARN_BLOCK_CAPTURE_AUTORELEASING = YES;
				CLANG_WARN_BOOL_CONVERSION = YES;
				CLANG_WARN_COMMA = YES;
				CLANG_WARN_CONSTANT_CONVERSION = YES;
				CLANG_WARN_DEPRECATED_OBJC_IMPLEMENTATIONS = YES;
				CLANG_WARN_DIRECT_OBJC_ISA_USAGE = YES_ERROR;
				CLANG_WARN_DOCUMENTATION_COMMENTS = YES;
				CLANG_WARN_EMPTY_BODY = YES;
				CLANG_WARN_ENUM_CONVERSION = YES;
				CLANG_WARN_INFINITE_RECURSION = YES;
				CLANG_WARN_INT_CONVERSION = YES;
				CLANG_WARN_NON_LITERAL_NULL_CONVERSION = YES;
				CLANG_WARN_OBJC_IMPLICIT_RETAIN_SELF = YES;
				CLANG_WARN_OBJC_LITERAL_CONVERSION = YES;
				CLANG_WARN_OBJC_ROOT_CLASS = YES_ERROR;
				CLANG_WARN_RANGE_LOOP_ANALYSIS = YES;
				CLANG_WARN_STRICT_PROTOTYPES = YES;
				CLANG_WARN_SUSPICIOUS_MOVE = YES;
				CLANG_WARN_UNGUARDED_AVAILABILITY = YES_AGGRESSIVE;
				CLANG_WARN_UNREACHABLE_CODE = YES;
				CLANG_WARN__DUPLICATE_METHOD_MATCH = YES;
				COPY_PHASE_STRIP = NO;
				DEBUG_INFORMATION_FORMAT = "dwarf-with-dsym";
				ENABLE_NS_ASSERTIONS = NO;
				ENABLE_STRICT_OBJC_MSGSEND = YES;
				GCC_C_LANGUAGE_STANDARD = gnu11;
				GCC_NO_COMMON_BLOCKS = YES;
				GCC_WARN_64_TO_32_BIT_CONVERSION = YES;
				GCC_WARN_ABOUT_RETURN_TYPE = YES_ERROR;
				GCC_WARN_UNDECLARED_SELECTOR = YES;
				GCC_WARN_UNINITIALIZED_AUTOS = YES_AGGRESSIVE;
				GCC_WARN_UNUSED_FUNCTION = YES;
				GCC_WARN_UNUSED_VARIABLE = YES;
				MACOSX_DEPLOYMENT_TARGET = 10.14;
				MTL_ENABLE_DEBUG_INFO = NO;
				MTL_FAST_MATH = YES;
				SDKROOT = macosx;
				SWIFT_COMPILATION_MODE = wholemodule;
				SWIFT_INCLUDE_PATHS = "$(SRCROOT)/OtherSources/ZUnzip";
				SWIFT_OPTIMIZATION_LEVEL = "-O";
			};
			name = Release;
		};
		E71E358C239A40540021E1A2 /* Debug */ = {
			isa = XCBuildConfiguration;
			buildSettings = {
				ASSETCATALOG_COMPILER_APPICON_NAME = AppIcon;
				CODE_SIGN_ENTITLEMENTS = Pakapo/Resources/Pakapo.entitlements;
				CODE_SIGN_STYLE = Automatic;
				COMBINE_HIDPI_IMAGES = YES;
				INFOPLIST_FILE = Pakapo/Resources/Info.plist;
				LD_RUNPATH_SEARCH_PATHS = (
					"$(inherited)",
					"@executable_path/../Frameworks",
				);
				PRODUCT_BUNDLE_IDENTIFIER = gokuge.Pakapo;
				PRODUCT_NAME = "$(TARGET_NAME)";
				SWIFT_VERSION = 5.0;
			};
			name = Debug;
		};
		E71E358D239A40540021E1A2 /* Release */ = {
			isa = XCBuildConfiguration;
			buildSettings = {
				ASSETCATALOG_COMPILER_APPICON_NAME = AppIcon;
				CODE_SIGN_ENTITLEMENTS = Pakapo/Resources/Pakapo.entitlements;
				CODE_SIGN_STYLE = Automatic;
				COMBINE_HIDPI_IMAGES = YES;
				INFOPLIST_FILE = Pakapo/Resources/Info.plist;
				LD_RUNPATH_SEARCH_PATHS = (
					"$(inherited)",
					"@executable_path/../Frameworks",
				);
				PRODUCT_BUNDLE_IDENTIFIER = gokuge.Pakapo;
				PRODUCT_NAME = "$(TARGET_NAME)";
				SWIFT_VERSION = 5.0;
			};
			name = Release;
		};
/* End XCBuildConfiguration section */

/* Begin XCConfigurationList section */
		E71E3576239A40530021E1A2 /* Build configuration list for PBXProject "Pakapo" */ = {
			isa = XCConfigurationList;
			buildConfigurations = (
				E71E3589239A40540021E1A2 /* Debug */,
				E71E358A239A40540021E1A2 /* Release */,
			);
			defaultConfigurationIsVisible = 0;
			defaultConfigurationName = Release;
		};
		E71E358B239A40540021E1A2 /* Build configuration list for PBXNativeTarget "Pakapo" */ = {
			isa = XCConfigurationList;
			buildConfigurations = (
				E71E358C239A40540021E1A2 /* Debug */,
				E71E358D239A40540021E1A2 /* Release */,
			);
			defaultConfigurationIsVisible = 0;
			defaultConfigurationName = Release;
		};
/* End XCConfigurationList section */
	};
	rootObject = E71E3573239A40530021E1A2 /* Project object */;
}
